// !$*UTF8*$!
{
	archiveVersion = 1;
	classes = {
	};
	objectVersion = 46;
	objects = {

/* Begin PBXBuildFile section */
		0F93386F9BC9B28E21163821 /* LaunchScreen.xib in Resources */ = {isa = PBXBuildFile; fileRef = 40C62EFC2AA7DD0D28ABA52F /* LaunchScreen.xib */; };
		33ED21E9A890C035A4DE00D0 /* application.jar in Resources */ = {isa = PBXBuildFile; fileRef = B3A513CE395158891015B535 /* application.jar */; };
		3C7DC24189B84EE8583C1AD5 /* MOE.framework in Frameworks */ = {isa = PBXBuildFile; fileRef = 9E576CB62AE0262C5C9811D8 /* MOE.framework */; };
		6365C94055F409D2F5A8ECD3 /* MainUI.storyboard in Resources */ = {isa = PBXBuildFile; fileRef = 3D7EB3D2A4184B90C6D896A0 /* MainUI.storyboard */; };
		72DECA512C8A878A93BD463E /* MOE.framework in Embed Frameworks */ = {isa = PBXBuildFile; fileRef = 9E576CB62AE0262C5C9811D8 /* MOE.framework */; settings = {ATTRIBUTES = (CodeSignOnCopy, RemoveHeadersOnCopy, ); }; };
		991609E61CFEDE7B00D4A51C /* Analyzer.m in Sources */ = {isa = PBXBuildFile; fileRef = 991609381CFEDE7A00D4A51C /* Analyzer.m */; };
		991609E71CFEDE7B00D4A51C /* AnalyzerAdapter.m in Sources */ = {isa = PBXBuildFile; fileRef = 9916093A1CFEDE7A00D4A51C /* AnalyzerAdapter.m */; };
		991609E81CFEDE7B00D4A51C /* AnalyzerException.m in Sources */ = {isa = PBXBuildFile; fileRef = 9916093C1CFEDE7A00D4A51C /* AnalyzerException.m */; };
		991609E91CFEDE7B00D4A51C /* AnnotationNode.m in Sources */ = {isa = PBXBuildFile; fileRef = 9916093E1CFEDE7A00D4A51C /* AnnotationNode.m */; };
		991609EA1CFEDE7B00D4A51C /* AnnotationRemapper.m in Sources */ = {isa = PBXBuildFile; fileRef = 991609401CFEDE7A00D4A51C /* AnnotationRemapper.m */; };
		991609EB1CFEDE7B00D4A51C /* ASMContentHandler.m in Sources */ = {isa = PBXBuildFile; fileRef = 991609421CFEDE7A00D4A51C /* ASMContentHandler.m */; };
		991609EC1CFEDE7B00D4A51C /* ASMifier.m in Sources */ = {isa = PBXBuildFile; fileRef = 991609441CFEDE7A00D4A51C /* ASMifier.m */; };
		991609ED1CFEDE7B00D4A51C /* Attribute.m in Sources */ = {isa = PBXBuildFile; fileRef = 991609461CFEDE7A00D4A51C /* Attribute.m */; };
		991609EE1CFEDE7B00D4A51C /* BasicInterpreter.m in Sources */ = {isa = PBXBuildFile; fileRef = 991609481CFEDE7A00D4A51C /* BasicInterpreter.m */; };
		991609EF1CFEDE7B00D4A51C /* BasicValue.m in Sources */ = {isa = PBXBuildFile; fileRef = 9916094A1CFEDE7A00D4A51C /* BasicValue.m */; };
		991609F01CFEDE7B00D4A51C /* BasicVerifier.m in Sources */ = {isa = PBXBuildFile; fileRef = 9916094C1CFEDE7A00D4A51C /* BasicVerifier.m */; };
		991609F11CFEDE7B00D4A51C /* ByteVector.m in Sources */ = {isa = PBXBuildFile; fileRef = 9916094E1CFEDE7A00D4A51C /* ByteVector.m */; };
		991609F21CFEDE7B00D4A51C /* CheckAnnotationAdapter.m in Sources */ = {isa = PBXBuildFile; fileRef = 991609501CFEDE7A00D4A51C /* CheckAnnotationAdapter.m */; };
		991609F31CFEDE7B00D4A51C /* CheckClassAdapter.m in Sources */ = {isa = PBXBuildFile; fileRef = 991609521CFEDE7A00D4A51C /* CheckClassAdapter.m */; };
		991609F41CFEDE7B00D4A51C /* CheckFieldAdapter.m in Sources */ = {isa = PBXBuildFile; fileRef = 991609541CFEDE7A00D4A51C /* CheckFieldAdapter.m */; };
		991609F51CFEDE7B00D4A51C /* CheckMethodAdapter.m in Sources */ = {isa = PBXBuildFile; fileRef = 991609561CFEDE7A00D4A51C /* CheckMethodAdapter.m */; };
		991609F61CFEDE7B00D4A51C /* CheckSignatureAdapter.m in Sources */ = {isa = PBXBuildFile; fileRef = 991609581CFEDE7A00D4A51C /* CheckSignatureAdapter.m */; };
		991609F71CFEDE7B00D4A51C /* ClassNode.m in Sources */ = {isa = PBXBuildFile; fileRef = 9916095A1CFEDE7A00D4A51C /* ClassNode.m */; };
		991609F81CFEDE7B00D4A51C /* ClassReader.m in Sources */ = {isa = PBXBuildFile; fileRef = 9916095C1CFEDE7A00D4A51C /* ClassReader.m */; };
		991609F91CFEDE7B00D4A51C /* ClassRemapper.m in Sources */ = {isa = PBXBuildFile; fileRef = 9916095E1CFEDE7A00D4A51C /* ClassRemapper.m */; };
		991609FA1CFEDE7B00D4A51C /* ClassWriter.m in Sources */ = {isa = PBXBuildFile; fileRef = 991609601CFEDE7A00D4A51C /* ClassWriter.m */; };
		991609FB1CFEDE7B00D4A51C /* CodeSizeEvaluator.m in Sources */ = {isa = PBXBuildFile; fileRef = 991609621CFEDE7A00D4A51C /* CodeSizeEvaluator.m */; };
		991609FC1CFEDE7B00D4A51C /* FieldInsnNode.m in Sources */ = {isa = PBXBuildFile; fileRef = 991609641CFEDE7A00D4A51C /* FieldInsnNode.m */; };
		991609FD1CFEDE7B00D4A51C /* FieldNode.m in Sources */ = {isa = PBXBuildFile; fileRef = 991609661CFEDE7A00D4A51C /* FieldNode.m */; };
		991609FE1CFEDE7B00D4A51C /* FieldRemapper.m in Sources */ = {isa = PBXBuildFile; fileRef = 991609681CFEDE7A00D4A51C /* FieldRemapper.m */; };
		991609FF1CFEDE7B00D4A51C /* Frame.m in Sources */ = {isa = PBXBuildFile; fileRef = 9916096A1CFEDE7A00D4A51C /* Frame.m */; };
		99160A001CFEDE7B00D4A51C /* FrameNode.m in Sources */ = {isa = PBXBuildFile; fileRef = 9916096C1CFEDE7A00D4A51C /* FrameNode.m */; };
		99160A011CFEDE7B00D4A51C /* GeneratorAdapter.m in Sources */ = {isa = PBXBuildFile; fileRef = 9916096E1CFEDE7A00D4A51C /* GeneratorAdapter.m */; };
		99160A021CFEDE7B00D4A51C /* Handle.m in Sources */ = {isa = PBXBuildFile; fileRef = 991609701CFEDE7A00D4A51C /* Handle.m */; };
		99160A031CFEDE7B00D4A51C /* IincInsnNode.m in Sources */ = {isa = PBXBuildFile; fileRef = 991609721CFEDE7A00D4A51C /* IincInsnNode.m */; };
		99160A041CFEDE7B00D4A51C /* InnerClassNode.m in Sources */ = {isa = PBXBuildFile; fileRef = 991609741CFEDE7A00D4A51C /* InnerClassNode.m */; };
		99160A051CFEDE7B00D4A51C /* InsnList.m in Sources */ = {isa = PBXBuildFile; fileRef = 991609761CFEDE7A00D4A51C /* InsnList.m */; };
		99160A061CFEDE7B00D4A51C /* InsnNode.m in Sources */ = {isa = PBXBuildFile; fileRef = 991609781CFEDE7A00D4A51C /* InsnNode.m */; };
		99160A071CFEDE7B00D4A51C /* InstructionAdapter.m in Sources */ = {isa = PBXBuildFile; fileRef = 9916097A1CFEDE7A00D4A51C /* InstructionAdapter.m */; };
		99160A081CFEDE7B00D4A51C /* IntInsnNode.m in Sources */ = {isa = PBXBuildFile; fileRef = 9916097C1CFEDE7A00D4A51C /* IntInsnNode.m */; };
		99160A091CFEDE7B00D4A51C /* InvokeDynamicInsnNode.m in Sources */ = {isa = PBXBuildFile; fileRef = 9916097E1CFEDE7A00D4A51C /* InvokeDynamicInsnNode.m */; };
		99160A0A1CFEDE7B00D4A51C /* JSRInlinerAdapter.m in Sources */ = {isa = PBXBuildFile; fileRef = 991609801CFEDE7A00D4A51C /* JSRInlinerAdapter.m */; };
		99160A0B1CFEDE7B00D4A51C /* JumpInsnNode.m in Sources */ = {isa = PBXBuildFile; fileRef = 991609821CFEDE7A00D4A51C /* JumpInsnNode.m */; };
		99160A0C1CFEDE7B00D4A51C /* Label.m in Sources */ = {isa = PBXBuildFile; fileRef = 991609841CFEDE7A00D4A51C /* Label.m */; };
		99160A0D1CFEDE7B00D4A51C /* LabelNode.m in Sources */ = {isa = PBXBuildFile; fileRef = 991609861CFEDE7A00D4A51C /* LabelNode.m */; };
		99160A0E1CFEDE7B00D4A51C /* LdcInsnNode.m in Sources */ = {isa = PBXBuildFile; fileRef = 991609881CFEDE7A00D4A51C /* LdcInsnNode.m */; };
		99160A0F1CFEDE7B00D4A51C /* LineNumberNode.m in Sources */ = {isa = PBXBuildFile; fileRef = 9916098A1CFEDE7A00D4A51C /* LineNumberNode.m */; };
		99160A101CFEDE7B00D4A51C /* LocalVariableAnnotationNode.m in Sources */ = {isa = PBXBuildFile; fileRef = 9916098C1CFEDE7A00D4A51C /* LocalVariableAnnotationNode.m */; };
		99160A111CFEDE7B00D4A51C /* LocalVariableNode.m in Sources */ = {isa = PBXBuildFile; fileRef = 9916098E1CFEDE7A00D4A51C /* LocalVariableNode.m */; };
		99160A121CFEDE7B00D4A51C /* LocalVariablesSorter.m in Sources */ = {isa = PBXBuildFile; fileRef = 991609901CFEDE7A00D4A51C /* LocalVariablesSorter.m */; };
		99160A131CFEDE7B00D4A51C /* LookupSwitchInsnNode.m in Sources */ = {isa = PBXBuildFile; fileRef = 991609921CFEDE7A00D4A51C /* LookupSwitchInsnNode.m */; };
		99160A141CFEDE7B00D4A51C /* Method.m in Sources */ = {isa = PBXBuildFile; fileRef = 991609941CFEDE7A00D4A51C /* Method.m */; };
		99160A151CFEDE7B00D4A51C /* MethodInsnNode.m in Sources */ = {isa = PBXBuildFile; fileRef = 991609961CFEDE7A00D4A51C /* MethodInsnNode.m */; };
		99160A161CFEDE7B00D4A51C /* MethodNode.m in Sources */ = {isa = PBXBuildFile; fileRef = 991609981CFEDE7A00D4A51C /* MethodNode.m */; };
		99160A171CFEDE7B00D4A51C /* MethodRemapper.m in Sources */ = {isa = PBXBuildFile; fileRef = 9916099A1CFEDE7A00D4A51C /* MethodRemapper.m */; };
		99160A181CFEDE7B00D4A51C /* MultiANewArrayInsnNode.m in Sources */ = {isa = PBXBuildFile; fileRef = 9916099C1CFEDE7A00D4A51C /* MultiANewArrayInsnNode.m */; };
		99160A191CFEDE7B00D4A51C /* ParameterNode.m in Sources */ = {isa = PBXBuildFile; fileRef = 9916099F1CFEDE7A00D4A51C /* ParameterNode.m */; };
		99160A1A1CFEDE7B00D4A51C /* Processor.m in Sources */ = {isa = PBXBuildFile; fileRef = 991609A11CFEDE7A00D4A51C /* Processor.m */; };
		99160A1B1CFEDE7B00D4A51C /* RemappingAnnotationAdapter.m in Sources */ = {isa = PBXBuildFile; fileRef = 991609A31CFEDE7A00D4A51C /* RemappingAnnotationAdapter.m */; };
		99160A1C1CFEDE7B00D4A51C /* RemappingClassAdapter.m in Sources */ = {isa = PBXBuildFile; fileRef = 991609A51CFEDE7A00D4A51C /* RemappingClassAdapter.m */; };
		99160A1D1CFEDE7B00D4A51C /* RemappingFieldAdapter.m in Sources */ = {isa = PBXBuildFile; fileRef = 991609A71CFEDE7A00D4A51C /* RemappingFieldAdapter.m */; };
		99160A1E1CFEDE7B00D4A51C /* RemappingMethodAdapter.m in Sources */ = {isa = PBXBuildFile; fileRef = 991609A91CFEDE7A00D4A51C /* RemappingMethodAdapter.m */; };
		99160A1F1CFEDE7B00D4A51C /* RemappingSignatureAdapter.m in Sources */ = {isa = PBXBuildFile; fileRef = 991609AB1CFEDE7A00D4A51C /* RemappingSignatureAdapter.m */; };
		99160A201CFEDE7B00D4A51C /* SAXAdapter.m in Sources */ = {isa = PBXBuildFile; fileRef = 991609AD1CFEDE7A00D4A51C /* SAXAdapter.m */; };
		99160A211CFEDE7B00D4A51C /* SAXAnnotationAdapter.m in Sources */ = {isa = PBXBuildFile; fileRef = 991609AF1CFEDE7A00D4A51C /* SAXAnnotationAdapter.m */; };
		99160A221CFEDE7B00D4A51C /* SAXClassAdapter.m in Sources */ = {isa = PBXBuildFile; fileRef = 991609B11CFEDE7A00D4A51C /* SAXClassAdapter.m */; };
		99160A231CFEDE7B00D4A51C /* SAXCodeAdapter.m in Sources */ = {isa = PBXBuildFile; fileRef = 991609B31CFEDE7A00D4A51C /* SAXCodeAdapter.m */; };
		99160A241CFEDE7B00D4A51C /* SAXFieldAdapter.m in Sources */ = {isa = PBXBuildFile; fileRef = 991609B51CFEDE7A00D4A51C /* SAXFieldAdapter.m */; };
		99160A251CFEDE7B00D4A51C /* SerialVersionUIDAdder.m in Sources */ = {isa = PBXBuildFile; fileRef = 991609B71CFEDE7A00D4A51C /* SerialVersionUIDAdder.m */; };
		99160A261CFEDE7B00D4A51C /* SignatureReader.m in Sources */ = {isa = PBXBuildFile; fileRef = 991609B91CFEDE7A00D4A51C /* SignatureReader.m */; };
		99160A271CFEDE7B00D4A51C /* SignatureRemapper.m in Sources */ = {isa = PBXBuildFile; fileRef = 991609BB1CFEDE7A00D4A51C /* SignatureRemapper.m */; };
		99160A281CFEDE7B00D4A51C /* SignatureWriter.m in Sources */ = {isa = PBXBuildFile; fileRef = 991609BD1CFEDE7B00D4A51C /* SignatureWriter.m */; };
		99160A291CFEDE7B00D4A51C /* SimpleRemapper.m in Sources */ = {isa = PBXBuildFile; fileRef = 991609BF1CFEDE7B00D4A51C /* SimpleRemapper.m */; };
		99160A2A1CFEDE7B00D4A51C /* SimpleVerifier.m in Sources */ = {isa = PBXBuildFile; fileRef = 991609C11CFEDE7B00D4A51C /* SimpleVerifier.m */; };
		99160A2B1CFEDE7B00D4A51C /* SourceInterpreter.m in Sources */ = {isa = PBXBuildFile; fileRef = 991609C31CFEDE7B00D4A51C /* SourceInterpreter.m */; };
		99160A2C1CFEDE7B00D4A51C /* SourceValue.m in Sources */ = {isa = PBXBuildFile; fileRef = 991609C51CFEDE7B00D4A51C /* SourceValue.m */; };
		99160A2D1CFEDE7B00D4A51C /* StaticInitMerger.m in Sources */ = {isa = PBXBuildFile; fileRef = 991609C71CFEDE7B00D4A51C /* StaticInitMerger.m */; };
		99160A2E1CFEDE7B00D4A51C /* TableSwitchInsnNode.m in Sources */ = {isa = PBXBuildFile; fileRef = 991609C91CFEDE7B00D4A51C /* TableSwitchInsnNode.m */; };
		99160A2F1CFEDE7B00D4A51C /* Textifier.m in Sources */ = {isa = PBXBuildFile; fileRef = 991609CB1CFEDE7B00D4A51C /* Textifier.m */; };
		99160A301CFEDE7B00D4A51C /* TraceAnnotationVisitor.m in Sources */ = {isa = PBXBuildFile; fileRef = 991609CD1CFEDE7B00D4A51C /* TraceAnnotationVisitor.m */; };
		99160A311CFEDE7B00D4A51C /* TraceClassVisitor.m in Sources */ = {isa = PBXBuildFile; fileRef = 991609CF1CFEDE7B00D4A51C /* TraceClassVisitor.m */; };
		99160A321CFEDE7B00D4A51C /* TraceFieldVisitor.m in Sources */ = {isa = PBXBuildFile; fileRef = 991609D11CFEDE7B00D4A51C /* TraceFieldVisitor.m */; };
		99160A331CFEDE7B00D4A51C /* TraceMethodVisitor.m in Sources */ = {isa = PBXBuildFile; fileRef = 991609D31CFEDE7B00D4A51C /* TraceMethodVisitor.m */; };
		99160A341CFEDE7B00D4A51C /* TraceSignatureVisitor.m in Sources */ = {isa = PBXBuildFile; fileRef = 991609D51CFEDE7B00D4A51C /* TraceSignatureVisitor.m */; };
		99160A351CFEDE7B00D4A51C /* TryCatchBlockNode.m in Sources */ = {isa = PBXBuildFile; fileRef = 991609D71CFEDE7B00D4A51C /* TryCatchBlockNode.m */; };
		99160A361CFEDE7B00D4A51C /* TryCatchBlockSorter.m in Sources */ = {isa = PBXBuildFile; fileRef = 991609D91CFEDE7B00D4A51C /* TryCatchBlockSorter.m */; };
		99160A371CFEDE7B00D4A51C /* Type.m in Sources */ = {isa = PBXBuildFile; fileRef = 991609DB1CFEDE7B00D4A51C /* Type.m */; };
		99160A381CFEDE7B00D4A51C /* TypeAnnotationNode.m in Sources */ = {isa = PBXBuildFile; fileRef = 991609DD1CFEDE7B00D4A51C /* TypeAnnotationNode.m */; };
		99160A391CFEDE7B00D4A51C /* TypeInsnNode.m in Sources */ = {isa = PBXBuildFile; fileRef = 991609DF1CFEDE7B00D4A51C /* TypeInsnNode.m */; };
		99160A3A1CFEDE7B00D4A51C /* TypePath.m in Sources */ = {isa = PBXBuildFile; fileRef = 991609E11CFEDE7B00D4A51C /* TypePath.m */; };
		99160A3B1CFEDE7B00D4A51C /* TypeReference.m in Sources */ = {isa = PBXBuildFile; fileRef = 991609E31CFEDE7B00D4A51C /* TypeReference.m */; };
		99160A3C1CFEDE7B00D4A51C /* VarInsnNode.m in Sources */ = {isa = PBXBuildFile; fileRef = 991609E51CFEDE7B00D4A51C /* VarInsnNode.m */; };
		A32A48151A21BEF5C98C8D2E /* intel_logo.png in Resources */ = {isa = PBXBuildFile; fileRef = B1705E7D2AC885BAF6A35062 /* intel_logo.png */; };
		B40BE065C529D74085B42D35 /* classlist.txt in Resources */ = {isa = PBXBuildFile; fileRef = 3691E5A55BC004CD4F47E8BB /* classlist.txt */; };
		BA6F50EB8A6854E1C3998D67 /* application.jar in Resources */ = {isa = PBXBuildFile; fileRef = 91AD226ED8C3EAC3AE7F5ACE /* application.jar */; };
		C235CA69C72CC5447181CC26 /* preregister.txt in Resources */ = {isa = PBXBuildFile; fileRef = 203E1D2E070E48E7BF67D832 /* preregister.txt */; };
		DD6DDD2C1643D6FF27E890A4 /* preregister.txt in Resources */ = {isa = PBXBuildFile; fileRef = F11F9DA92D262F9FE7A33EE2 /* preregister.txt */; };
		E31E659591BDF8BA90F8A83B /* main.cpp in Sources */ = {isa = PBXBuildFile; fileRef = FBC74218A25A304EAB34C0A0 /* main.cpp */; };
		E3468FB039BAAC9414CDDF44 /* main.cpp in Sources */ = {isa = PBXBuildFile; fileRef = FBC74218A25A304EAB34C0A0 /* main.cpp */; };
		EDF3CE3A87F341E05212626F /* MOE.framework in Frameworks */ = {isa = PBXBuildFile; fileRef = 9E576CB62AE0262C5C9811D8 /* MOE.framework */; };
		F03758AA2C58AC6924087107 /* MOE.framework in Embed Frameworks */ = {isa = PBXBuildFile; fileRef = 9E576CB62AE0262C5C9811D8 /* MOE.framework */; settings = {ATTRIBUTES = (CodeSignOnCopy, RemoveHeadersOnCopy, ); }; };
/* End PBXBuildFile section */

/* Begin PBXCopyFilesBuildPhase section */
		0B3A0040775080F29F38CF66 /* Embed Frameworks */ = {
			isa = PBXCopyFilesBuildPhase;
			buildActionMask = 2147483647;
			dstPath = "";
			dstSubfolderSpec = 10;
			files = (
				F03758AA2C58AC6924087107 /* MOE.framework in Embed Frameworks */,
			);
			name = "Embed Frameworks";
			runOnlyForDeploymentPostprocessing = 0;
		};
		9660C5A1DB09A4FC57A47103 /* Embed Frameworks */ = {
			isa = PBXCopyFilesBuildPhase;
			buildActionMask = 2147483647;
			dstPath = "";
			dstSubfolderSpec = 10;
			files = (
				72DECA512C8A878A93BD463E /* MOE.framework in Embed Frameworks */,
			);
			name = "Embed Frameworks";
			runOnlyForDeploymentPostprocessing = 0;
		};
/* End PBXCopyFilesBuildPhase section */

/* Begin PBXFileReference section */
		203E1D2E070E48E7BF67D832 /* preregister.txt */ = {isa = PBXFileReference; lastKnownFileType = text; name = preregister.txt; path = ../build/moe/test/preregister.txt; sourceTree = SOURCE_ROOT; };
		24B7709752B4C9BEB83152D1 /* build.xcconfig */ = {isa = PBXFileReference; lastKnownFileType = text.xcconfig; path = build.xcconfig; sourceTree = "<group>"; };
		3691E5A55BC004CD4F47E8BB /* classlist.txt */ = {isa = PBXFileReference; lastKnownFileType = text; name = classlist.txt; path = ../build/moe/test/classlist.txt; sourceTree = SOURCE_ROOT; };
		3D7EB3D2A4184B90C6D896A0 /* MainUI.storyboard */ = {isa = PBXFileReference; lastKnownFileType = file.storyboard; name = MainUI.storyboard; path = ../src/main/resources/MainUI.storyboard; sourceTree = SOURCE_ROOT; };
		40C62EFC2AA7DD0D28ABA52F /* LaunchScreen.xib */ = {isa = PBXFileReference; lastKnownFileType = file.xib; name = LaunchScreen.xib; path = ../src/main/resources/LaunchScreen.xib; sourceTree = SOURCE_ROOT; };
		76FB59A43E5EA27397DF756F /* bind_asm_all_5_1.app */ = {isa = PBXFileReference; explicitFileType = wrapper.application; includeInIndex = 0; path = bind_asm_all_5_1.app; sourceTree = BUILT_PRODUCTS_DIR; };
		91AD226ED8C3EAC3AE7F5ACE /* application.jar */ = {isa = PBXFileReference; lastKnownFileType = archive.jar; name = application.jar; path = ../build/moe/main/application.jar; sourceTree = SOURCE_ROOT; };
		961AA28A6EFDD4BE67FE5D10 /* Info-Test.plist */ = {isa = PBXFileReference; lastKnownFileType = text.plist.xml; name = "Info-Test.plist"; path = "bind_asm_all_5_1-Test/Info-Test.plist"; sourceTree = "<group>"; };
		991609371CFEDE7A00D4A51C /* Analyzer.h */ = {isa = PBXFileReference; fileEncoding = 4; lastKnownFileType = sourcecode.c.h; path = Analyzer.h; sourceTree = "<group>"; };
		991609381CFEDE7A00D4A51C /* Analyzer.m */ = {isa = PBXFileReference; fileEncoding = 4; lastKnownFileType = sourcecode.c.objc; path = Analyzer.m; sourceTree = "<group>"; };
		991609391CFEDE7A00D4A51C /* AnalyzerAdapter.h */ = {isa = PBXFileReference; fileEncoding = 4; lastKnownFileType = sourcecode.c.h; path = AnalyzerAdapter.h; sourceTree = "<group>"; };
		9916093A1CFEDE7A00D4A51C /* AnalyzerAdapter.m */ = {isa = PBXFileReference; fileEncoding = 4; lastKnownFileType = sourcecode.c.objc; path = AnalyzerAdapter.m; sourceTree = "<group>"; };
		9916093B1CFEDE7A00D4A51C /* AnalyzerException.h */ = {isa = PBXFileReference; fileEncoding = 4; lastKnownFileType = sourcecode.c.h; path = AnalyzerException.h; sourceTree = "<group>"; };
		9916093C1CFEDE7A00D4A51C /* AnalyzerException.m */ = {isa = PBXFileReference; fileEncoding = 4; lastKnownFileType = sourcecode.c.objc; path = AnalyzerException.m; sourceTree = "<group>"; };
		9916093D1CFEDE7A00D4A51C /* AnnotationNode.h */ = {isa = PBXFileReference; fileEncoding = 4; lastKnownFileType = sourcecode.c.h; path = AnnotationNode.h; sourceTree = "<group>"; };
		9916093E1CFEDE7A00D4A51C /* AnnotationNode.m */ = {isa = PBXFileReference; fileEncoding = 4; lastKnownFileType = sourcecode.c.objc; path = AnnotationNode.m; sourceTree = "<group>"; };
		9916093F1CFEDE7A00D4A51C /* AnnotationRemapper.h */ = {isa = PBXFileReference; fileEncoding = 4; lastKnownFileType = sourcecode.c.h; path = AnnotationRemapper.h; sourceTree = "<group>"; };
		991609401CFEDE7A00D4A51C /* AnnotationRemapper.m */ = {isa = PBXFileReference; fileEncoding = 4; lastKnownFileType = sourcecode.c.objc; path = AnnotationRemapper.m; sourceTree = "<group>"; };
		991609411CFEDE7A00D4A51C /* ASMContentHandler.h */ = {isa = PBXFileReference; fileEncoding = 4; lastKnownFileType = sourcecode.c.h; path = ASMContentHandler.h; sourceTree = "<group>"; };
		991609421CFEDE7A00D4A51C /* ASMContentHandler.m */ = {isa = PBXFileReference; fileEncoding = 4; lastKnownFileType = sourcecode.c.objc; path = ASMContentHandler.m; sourceTree = "<group>"; };
		991609431CFEDE7A00D4A51C /* ASMifier.h */ = {isa = PBXFileReference; fileEncoding = 4; lastKnownFileType = sourcecode.c.h; path = ASMifier.h; sourceTree = "<group>"; };
		991609441CFEDE7A00D4A51C /* ASMifier.m */ = {isa = PBXFileReference; fileEncoding = 4; lastKnownFileType = sourcecode.c.objc; path = ASMifier.m; sourceTree = "<group>"; };
		991609451CFEDE7A00D4A51C /* Attribute.h */ = {isa = PBXFileReference; fileEncoding = 4; lastKnownFileType = sourcecode.c.h; path = Attribute.h; sourceTree = "<group>"; };
		991609461CFEDE7A00D4A51C /* Attribute.m */ = {isa = PBXFileReference; fileEncoding = 4; lastKnownFileType = sourcecode.c.objc; path = Attribute.m; sourceTree = "<group>"; };
		991609471CFEDE7A00D4A51C /* BasicInterpreter.h */ = {isa = PBXFileReference; fileEncoding = 4; lastKnownFileType = sourcecode.c.h; path = BasicInterpreter.h; sourceTree = "<group>"; };
		991609481CFEDE7A00D4A51C /* BasicInterpreter.m */ = {isa = PBXFileReference; fileEncoding = 4; lastKnownFileType = sourcecode.c.objc; path = BasicInterpreter.m; sourceTree = "<group>"; };
		991609491CFEDE7A00D4A51C /* BasicValue.h */ = {isa = PBXFileReference; fileEncoding = 4; lastKnownFileType = sourcecode.c.h; path = BasicValue.h; sourceTree = "<group>"; };
		9916094A1CFEDE7A00D4A51C /* BasicValue.m */ = {isa = PBXFileReference; fileEncoding = 4; lastKnownFileType = sourcecode.c.objc; path = BasicValue.m; sourceTree = "<group>"; };
		9916094B1CFEDE7A00D4A51C /* BasicVerifier.h */ = {isa = PBXFileReference; fileEncoding = 4; lastKnownFileType = sourcecode.c.h; path = BasicVerifier.h; sourceTree = "<group>"; };
		9916094C1CFEDE7A00D4A51C /* BasicVerifier.m */ = {isa = PBXFileReference; fileEncoding = 4; lastKnownFileType = sourcecode.c.objc; path = BasicVerifier.m; sourceTree = "<group>"; };
		9916094D1CFEDE7A00D4A51C /* ByteVector.h */ = {isa = PBXFileReference; fileEncoding = 4; lastKnownFileType = sourcecode.c.h; path = ByteVector.h; sourceTree = "<group>"; };
		9916094E1CFEDE7A00D4A51C /* ByteVector.m */ = {isa = PBXFileReference; fileEncoding = 4; lastKnownFileType = sourcecode.c.objc; path = ByteVector.m; sourceTree = "<group>"; };
		9916094F1CFEDE7A00D4A51C /* CheckAnnotationAdapter.h */ = {isa = PBXFileReference; fileEncoding = 4; lastKnownFileType = sourcecode.c.h; path = CheckAnnotationAdapter.h; sourceTree = "<group>"; };
		991609501CFEDE7A00D4A51C /* CheckAnnotationAdapter.m */ = {isa = PBXFileReference; fileEncoding = 4; lastKnownFileType = sourcecode.c.objc; path = CheckAnnotationAdapter.m; sourceTree = "<group>"; };
		991609511CFEDE7A00D4A51C /* CheckClassAdapter.h */ = {isa = PBXFileReference; fileEncoding = 4; lastKnownFileType = sourcecode.c.h; path = CheckClassAdapter.h; sourceTree = "<group>"; };
		991609521CFEDE7A00D4A51C /* CheckClassAdapter.m */ = {isa = PBXFileReference; fileEncoding = 4; lastKnownFileType = sourcecode.c.objc; path = CheckClassAdapter.m; sourceTree = "<group>"; };
		991609531CFEDE7A00D4A51C /* CheckFieldAdapter.h */ = {isa = PBXFileReference; fileEncoding = 4; lastKnownFileType = sourcecode.c.h; path = CheckFieldAdapter.h; sourceTree = "<group>"; };
		991609541CFEDE7A00D4A51C /* CheckFieldAdapter.m */ = {isa = PBXFileReference; fileEncoding = 4; lastKnownFileType = sourcecode.c.objc; path = CheckFieldAdapter.m; sourceTree = "<group>"; };
		991609551CFEDE7A00D4A51C /* CheckMethodAdapter.h */ = {isa = PBXFileReference; fileEncoding = 4; lastKnownFileType = sourcecode.c.h; path = CheckMethodAdapter.h; sourceTree = "<group>"; };
		991609561CFEDE7A00D4A51C /* CheckMethodAdapter.m */ = {isa = PBXFileReference; fileEncoding = 4; lastKnownFileType = sourcecode.c.objc; path = CheckMethodAdapter.m; sourceTree = "<group>"; };
		991609571CFEDE7A00D4A51C /* CheckSignatureAdapter.h */ = {isa = PBXFileReference; fileEncoding = 4; lastKnownFileType = sourcecode.c.h; path = CheckSignatureAdapter.h; sourceTree = "<group>"; };
		991609581CFEDE7A00D4A51C /* CheckSignatureAdapter.m */ = {isa = PBXFileReference; fileEncoding = 4; lastKnownFileType = sourcecode.c.objc; path = CheckSignatureAdapter.m; sourceTree = "<group>"; };
		991609591CFEDE7A00D4A51C /* ClassNode.h */ = {isa = PBXFileReference; fileEncoding = 4; lastKnownFileType = sourcecode.c.h; path = ClassNode.h; sourceTree = "<group>"; };
		9916095A1CFEDE7A00D4A51C /* ClassNode.m */ = {isa = PBXFileReference; fileEncoding = 4; lastKnownFileType = sourcecode.c.objc; path = ClassNode.m; sourceTree = "<group>"; };
		9916095B1CFEDE7A00D4A51C /* ClassReader.h */ = {isa = PBXFileReference; fileEncoding = 4; lastKnownFileType = sourcecode.c.h; path = ClassReader.h; sourceTree = "<group>"; };
		9916095C1CFEDE7A00D4A51C /* ClassReader.m */ = {isa = PBXFileReference; fileEncoding = 4; lastKnownFileType = sourcecode.c.objc; path = ClassReader.m; sourceTree = "<group>"; };
		9916095D1CFEDE7A00D4A51C /* ClassRemapper.h */ = {isa = PBXFileReference; fileEncoding = 4; lastKnownFileType = sourcecode.c.h; path = ClassRemapper.h; sourceTree = "<group>"; };
		9916095E1CFEDE7A00D4A51C /* ClassRemapper.m */ = {isa = PBXFileReference; fileEncoding = 4; lastKnownFileType = sourcecode.c.objc; path = ClassRemapper.m; sourceTree = "<group>"; };
		9916095F1CFEDE7A00D4A51C /* ClassWriter.h */ = {isa = PBXFileReference; fileEncoding = 4; lastKnownFileType = sourcecode.c.h; path = ClassWriter.h; sourceTree = "<group>"; };
		991609601CFEDE7A00D4A51C /* ClassWriter.m */ = {isa = PBXFileReference; fileEncoding = 4; lastKnownFileType = sourcecode.c.objc; path = ClassWriter.m; sourceTree = "<group>"; };
		991609611CFEDE7A00D4A51C /* CodeSizeEvaluator.h */ = {isa = PBXFileReference; fileEncoding = 4; lastKnownFileType = sourcecode.c.h; path = CodeSizeEvaluator.h; sourceTree = "<group>"; };
		991609621CFEDE7A00D4A51C /* CodeSizeEvaluator.m */ = {isa = PBXFileReference; fileEncoding = 4; lastKnownFileType = sourcecode.c.objc; path = CodeSizeEvaluator.m; sourceTree = "<group>"; };
		991609631CFEDE7A00D4A51C /* FieldInsnNode.h */ = {isa = PBXFileReference; fileEncoding = 4; lastKnownFileType = sourcecode.c.h; path = FieldInsnNode.h; sourceTree = "<group>"; };
		991609641CFEDE7A00D4A51C /* FieldInsnNode.m */ = {isa = PBXFileReference; fileEncoding = 4; lastKnownFileType = sourcecode.c.objc; path = FieldInsnNode.m; sourceTree = "<group>"; };
		991609651CFEDE7A00D4A51C /* FieldNode.h */ = {isa = PBXFileReference; fileEncoding = 4; lastKnownFileType = sourcecode.c.h; path = FieldNode.h; sourceTree = "<group>"; };
		991609661CFEDE7A00D4A51C /* FieldNode.m */ = {isa = PBXFileReference; fileEncoding = 4; lastKnownFileType = sourcecode.c.objc; path = FieldNode.m; sourceTree = "<group>"; };
		991609671CFEDE7A00D4A51C /* FieldRemapper.h */ = {isa = PBXFileReference; fileEncoding = 4; lastKnownFileType = sourcecode.c.h; path = FieldRemapper.h; sourceTree = "<group>"; };
		991609681CFEDE7A00D4A51C /* FieldRemapper.m */ = {isa = PBXFileReference; fileEncoding = 4; lastKnownFileType = sourcecode.c.objc; path = FieldRemapper.m; sourceTree = "<group>"; };
		991609691CFEDE7A00D4A51C /* Frame.h */ = {isa = PBXFileReference; fileEncoding = 4; lastKnownFileType = sourcecode.c.h; path = Frame.h; sourceTree = "<group>"; };
		9916096A1CFEDE7A00D4A51C /* Frame.m */ = {isa = PBXFileReference; fileEncoding = 4; lastKnownFileType = sourcecode.c.objc; path = Frame.m; sourceTree = "<group>"; };
		9916096B1CFEDE7A00D4A51C /* FrameNode.h */ = {isa = PBXFileReference; fileEncoding = 4; lastKnownFileType = sourcecode.c.h; path = FrameNode.h; sourceTree = "<group>"; };
		9916096C1CFEDE7A00D4A51C /* FrameNode.m */ = {isa = PBXFileReference; fileEncoding = 4; lastKnownFileType = sourcecode.c.objc; path = FrameNode.m; sourceTree = "<group>"; };
		9916096D1CFEDE7A00D4A51C /* GeneratorAdapter.h */ = {isa = PBXFileReference; fileEncoding = 4; lastKnownFileType = sourcecode.c.h; path = GeneratorAdapter.h; sourceTree = "<group>"; };
		9916096E1CFEDE7A00D4A51C /* GeneratorAdapter.m */ = {isa = PBXFileReference; fileEncoding = 4; lastKnownFileType = sourcecode.c.objc; path = GeneratorAdapter.m; sourceTree = "<group>"; };
		9916096F1CFEDE7A00D4A51C /* Handle.h */ = {isa = PBXFileReference; fileEncoding = 4; lastKnownFileType = sourcecode.c.h; path = Handle.h; sourceTree = "<group>"; };
		991609701CFEDE7A00D4A51C /* Handle.m */ = {isa = PBXFileReference; fileEncoding = 4; lastKnownFileType = sourcecode.c.objc; path = Handle.m; sourceTree = "<group>"; };
		991609711CFEDE7A00D4A51C /* IincInsnNode.h */ = {isa = PBXFileReference; fileEncoding = 4; lastKnownFileType = sourcecode.c.h; path = IincInsnNode.h; sourceTree = "<group>"; };
		991609721CFEDE7A00D4A51C /* IincInsnNode.m */ = {isa = PBXFileReference; fileEncoding = 4; lastKnownFileType = sourcecode.c.objc; path = IincInsnNode.m; sourceTree = "<group>"; };
		991609731CFEDE7A00D4A51C /* InnerClassNode.h */ = {isa = PBXFileReference; fileEncoding = 4; lastKnownFileType = sourcecode.c.h; path = InnerClassNode.h; sourceTree = "<group>"; };
		991609741CFEDE7A00D4A51C /* InnerClassNode.m */ = {isa = PBXFileReference; fileEncoding = 4; lastKnownFileType = sourcecode.c.objc; path = InnerClassNode.m; sourceTree = "<group>"; };
		991609751CFEDE7A00D4A51C /* InsnList.h */ = {isa = PBXFileReference; fileEncoding = 4; lastKnownFileType = sourcecode.c.h; path = InsnList.h; sourceTree = "<group>"; };
		991609761CFEDE7A00D4A51C /* InsnList.m */ = {isa = PBXFileReference; fileEncoding = 4; lastKnownFileType = sourcecode.c.objc; path = InsnList.m; sourceTree = "<group>"; };
		991609771CFEDE7A00D4A51C /* InsnNode.h */ = {isa = PBXFileReference; fileEncoding = 4; lastKnownFileType = sourcecode.c.h; path = InsnNode.h; sourceTree = "<group>"; };
		991609781CFEDE7A00D4A51C /* InsnNode.m */ = {isa = PBXFileReference; fileEncoding = 4; lastKnownFileType = sourcecode.c.objc; path = InsnNode.m; sourceTree = "<group>"; };
		991609791CFEDE7A00D4A51C /* InstructionAdapter.h */ = {isa = PBXFileReference; fileEncoding = 4; lastKnownFileType = sourcecode.c.h; path = InstructionAdapter.h; sourceTree = "<group>"; };
		9916097A1CFEDE7A00D4A51C /* InstructionAdapter.m */ = {isa = PBXFileReference; fileEncoding = 4; lastKnownFileType = sourcecode.c.objc; path = InstructionAdapter.m; sourceTree = "<group>"; };
		9916097B1CFEDE7A00D4A51C /* IntInsnNode.h */ = {isa = PBXFileReference; fileEncoding = 4; lastKnownFileType = sourcecode.c.h; path = IntInsnNode.h; sourceTree = "<group>"; };
		9916097C1CFEDE7A00D4A51C /* IntInsnNode.m */ = {isa = PBXFileReference; fileEncoding = 4; lastKnownFileType = sourcecode.c.objc; path = IntInsnNode.m; sourceTree = "<group>"; };
		9916097D1CFEDE7A00D4A51C /* InvokeDynamicInsnNode.h */ = {isa = PBXFileReference; fileEncoding = 4; lastKnownFileType = sourcecode.c.h; path = InvokeDynamicInsnNode.h; sourceTree = "<group>"; };
		9916097E1CFEDE7A00D4A51C /* InvokeDynamicInsnNode.m */ = {isa = PBXFileReference; fileEncoding = 4; lastKnownFileType = sourcecode.c.objc; path = InvokeDynamicInsnNode.m; sourceTree = "<group>"; };
		9916097F1CFEDE7A00D4A51C /* JSRInlinerAdapter.h */ = {isa = PBXFileReference; fileEncoding = 4; lastKnownFileType = sourcecode.c.h; path = JSRInlinerAdapter.h; sourceTree = "<group>"; };
		991609801CFEDE7A00D4A51C /* JSRInlinerAdapter.m */ = {isa = PBXFileReference; fileEncoding = 4; lastKnownFileType = sourcecode.c.objc; path = JSRInlinerAdapter.m; sourceTree = "<group>"; };
		991609811CFEDE7A00D4A51C /* JumpInsnNode.h */ = {isa = PBXFileReference; fileEncoding = 4; lastKnownFileType = sourcecode.c.h; path = JumpInsnNode.h; sourceTree = "<group>"; };
		991609821CFEDE7A00D4A51C /* JumpInsnNode.m */ = {isa = PBXFileReference; fileEncoding = 4; lastKnownFileType = sourcecode.c.objc; path = JumpInsnNode.m; sourceTree = "<group>"; };
		991609831CFEDE7A00D4A51C /* Label.h */ = {isa = PBXFileReference; fileEncoding = 4; lastKnownFileType = sourcecode.c.h; path = Label.h; sourceTree = "<group>"; };
		991609841CFEDE7A00D4A51C /* Label.m */ = {isa = PBXFileReference; fileEncoding = 4; lastKnownFileType = sourcecode.c.objc; path = Label.m; sourceTree = "<group>"; };
		991609851CFEDE7A00D4A51C /* LabelNode.h */ = {isa = PBXFileReference; fileEncoding = 4; lastKnownFileType = sourcecode.c.h; path = LabelNode.h; sourceTree = "<group>"; };
		991609861CFEDE7A00D4A51C /* LabelNode.m */ = {isa = PBXFileReference; fileEncoding = 4; lastKnownFileType = sourcecode.c.objc; path = LabelNode.m; sourceTree = "<group>"; };
		991609871CFEDE7A00D4A51C /* LdcInsnNode.h */ = {isa = PBXFileReference; fileEncoding = 4; lastKnownFileType = sourcecode.c.h; path = LdcInsnNode.h; sourceTree = "<group>"; };
		991609881CFEDE7A00D4A51C /* LdcInsnNode.m */ = {isa = PBXFileReference; fileEncoding = 4; lastKnownFileType = sourcecode.c.objc; path = LdcInsnNode.m; sourceTree = "<group>"; };
		991609891CFEDE7A00D4A51C /* LineNumberNode.h */ = {isa = PBXFileReference; fileEncoding = 4; lastKnownFileType = sourcecode.c.h; path = LineNumberNode.h; sourceTree = "<group>"; };
		9916098A1CFEDE7A00D4A51C /* LineNumberNode.m */ = {isa = PBXFileReference; fileEncoding = 4; lastKnownFileType = sourcecode.c.objc; path = LineNumberNode.m; sourceTree = "<group>"; };
		9916098B1CFEDE7A00D4A51C /* LocalVariableAnnotationNode.h */ = {isa = PBXFileReference; fileEncoding = 4; lastKnownFileType = sourcecode.c.h; path = LocalVariableAnnotationNode.h; sourceTree = "<group>"; };
		9916098C1CFEDE7A00D4A51C /* LocalVariableAnnotationNode.m */ = {isa = PBXFileReference; fileEncoding = 4; lastKnownFileType = sourcecode.c.objc; path = LocalVariableAnnotationNode.m; sourceTree = "<group>"; };
		9916098D1CFEDE7A00D4A51C /* LocalVariableNode.h */ = {isa = PBXFileReference; fileEncoding = 4; lastKnownFileType = sourcecode.c.h; path = LocalVariableNode.h; sourceTree = "<group>"; };
		9916098E1CFEDE7A00D4A51C /* LocalVariableNode.m */ = {isa = PBXFileReference; fileEncoding = 4; lastKnownFileType = sourcecode.c.objc; path = LocalVariableNode.m; sourceTree = "<group>"; };
		9916098F1CFEDE7A00D4A51C /* LocalVariablesSorter.h */ = {isa = PBXFileReference; fileEncoding = 4; lastKnownFileType = sourcecode.c.h; path = LocalVariablesSorter.h; sourceTree = "<group>"; };
		991609901CFEDE7A00D4A51C /* LocalVariablesSorter.m */ = {isa = PBXFileReference; fileEncoding = 4; lastKnownFileType = sourcecode.c.objc; path = LocalVariablesSorter.m; sourceTree = "<group>"; };
		991609911CFEDE7A00D4A51C /* LookupSwitchInsnNode.h */ = {isa = PBXFileReference; fileEncoding = 4; lastKnownFileType = sourcecode.c.h; path = LookupSwitchInsnNode.h; sourceTree = "<group>"; };
		991609921CFEDE7A00D4A51C /* LookupSwitchInsnNode.m */ = {isa = PBXFileReference; fileEncoding = 4; lastKnownFileType = sourcecode.c.objc; path = LookupSwitchInsnNode.m; sourceTree = "<group>"; };
		991609931CFEDE7A00D4A51C /* Method.h */ = {isa = PBXFileReference; fileEncoding = 4; lastKnownFileType = sourcecode.c.h; path = Method.h; sourceTree = "<group>"; };
		991609941CFEDE7A00D4A51C /* Method.m */ = {isa = PBXFileReference; fileEncoding = 4; lastKnownFileType = sourcecode.c.objc; path = Method.m; sourceTree = "<group>"; };
		991609951CFEDE7A00D4A51C /* MethodInsnNode.h */ = {isa = PBXFileReference; fileEncoding = 4; lastKnownFileType = sourcecode.c.h; path = MethodInsnNode.h; sourceTree = "<group>"; };
		991609961CFEDE7A00D4A51C /* MethodInsnNode.m */ = {isa = PBXFileReference; fileEncoding = 4; lastKnownFileType = sourcecode.c.objc; path = MethodInsnNode.m; sourceTree = "<group>"; };
		991609971CFEDE7A00D4A51C /* MethodNode.h */ = {isa = PBXFileReference; fileEncoding = 4; lastKnownFileType = sourcecode.c.h; path = MethodNode.h; sourceTree = "<group>"; };
		991609981CFEDE7A00D4A51C /* MethodNode.m */ = {isa = PBXFileReference; fileEncoding = 4; lastKnownFileType = sourcecode.c.objc; path = MethodNode.m; sourceTree = "<group>"; };
		991609991CFEDE7A00D4A51C /* MethodRemapper.h */ = {isa = PBXFileReference; fileEncoding = 4; lastKnownFileType = sourcecode.c.h; path = MethodRemapper.h; sourceTree = "<group>"; };
		9916099A1CFEDE7A00D4A51C /* MethodRemapper.m */ = {isa = PBXFileReference; fileEncoding = 4; lastKnownFileType = sourcecode.c.objc; path = MethodRemapper.m; sourceTree = "<group>"; };
		9916099B1CFEDE7A00D4A51C /* MultiANewArrayInsnNode.h */ = {isa = PBXFileReference; fileEncoding = 4; lastKnownFileType = sourcecode.c.h; path = MultiANewArrayInsnNode.h; sourceTree = "<group>"; };
		9916099C1CFEDE7A00D4A51C /* MultiANewArrayInsnNode.m */ = {isa = PBXFileReference; fileEncoding = 4; lastKnownFileType = sourcecode.c.objc; path = MultiANewArrayInsnNode.m; sourceTree = "<group>"; };
		9916099D1CFEDE7A00D4A51C /* Opcodes.h */ = {isa = PBXFileReference; fileEncoding = 4; lastKnownFileType = sourcecode.c.h; path = Opcodes.h; sourceTree = "<group>"; };
		9916099E1CFEDE7A00D4A51C /* ParameterNode.h */ = {isa = PBXFileReference; fileEncoding = 4; lastKnownFileType = sourcecode.c.h; path = ParameterNode.h; sourceTree = "<group>"; };
		9916099F1CFEDE7A00D4A51C /* ParameterNode.m */ = {isa = PBXFileReference; fileEncoding = 4; lastKnownFileType = sourcecode.c.objc; path = ParameterNode.m; sourceTree = "<group>"; };
		991609A01CFEDE7A00D4A51C /* Processor.h */ = {isa = PBXFileReference; fileEncoding = 4; lastKnownFileType = sourcecode.c.h; path = Processor.h; sourceTree = "<group>"; };
		991609A11CFEDE7A00D4A51C /* Processor.m */ = {isa = PBXFileReference; fileEncoding = 4; lastKnownFileType = sourcecode.c.objc; path = Processor.m; sourceTree = "<group>"; };
		991609A21CFEDE7A00D4A51C /* RemappingAnnotationAdapter.h */ = {isa = PBXFileReference; fileEncoding = 4; lastKnownFileType = sourcecode.c.h; path = RemappingAnnotationAdapter.h; sourceTree = "<group>"; };
		991609A31CFEDE7A00D4A51C /* RemappingAnnotationAdapter.m */ = {isa = PBXFileReference; fileEncoding = 4; lastKnownFileType = sourcecode.c.objc; path = RemappingAnnotationAdapter.m; sourceTree = "<group>"; };
		991609A41CFEDE7A00D4A51C /* RemappingClassAdapter.h */ = {isa = PBXFileReference; fileEncoding = 4; lastKnownFileType = sourcecode.c.h; path = RemappingClassAdapter.h; sourceTree = "<group>"; };
		991609A51CFEDE7A00D4A51C /* RemappingClassAdapter.m */ = {isa = PBXFileReference; fileEncoding = 4; lastKnownFileType = sourcecode.c.objc; path = RemappingClassAdapter.m; sourceTree = "<group>"; };
		991609A61CFEDE7A00D4A51C /* RemappingFieldAdapter.h */ = {isa = PBXFileReference; fileEncoding = 4; lastKnownFileType = sourcecode.c.h; path = RemappingFieldAdapter.h; sourceTree = "<group>"; };
		991609A71CFEDE7A00D4A51C /* RemappingFieldAdapter.m */ = {isa = PBXFileReference; fileEncoding = 4; lastKnownFileType = sourcecode.c.objc; path = RemappingFieldAdapter.m; sourceTree = "<group>"; };
		991609A81CFEDE7A00D4A51C /* RemappingMethodAdapter.h */ = {isa = PBXFileReference; fileEncoding = 4; lastKnownFileType = sourcecode.c.h; path = RemappingMethodAdapter.h; sourceTree = "<group>"; };
		991609A91CFEDE7A00D4A51C /* RemappingMethodAdapter.m */ = {isa = PBXFileReference; fileEncoding = 4; lastKnownFileType = sourcecode.c.objc; path = RemappingMethodAdapter.m; sourceTree = "<group>"; };
		991609AA1CFEDE7A00D4A51C /* RemappingSignatureAdapter.h */ = {isa = PBXFileReference; fileEncoding = 4; lastKnownFileType = sourcecode.c.h; path = RemappingSignatureAdapter.h; sourceTree = "<group>"; };
		991609AB1CFEDE7A00D4A51C /* RemappingSignatureAdapter.m */ = {isa = PBXFileReference; fileEncoding = 4; lastKnownFileType = sourcecode.c.objc; path = RemappingSignatureAdapter.m; sourceTree = "<group>"; };
		991609AC1CFEDE7A00D4A51C /* SAXAdapter.h */ = {isa = PBXFileReference; fileEncoding = 4; lastKnownFileType = sourcecode.c.h; path = SAXAdapter.h; sourceTree = "<group>"; };
		991609AD1CFEDE7A00D4A51C /* SAXAdapter.m */ = {isa = PBXFileReference; fileEncoding = 4; lastKnownFileType = sourcecode.c.objc; path = SAXAdapter.m; sourceTree = "<group>"; };
		991609AE1CFEDE7A00D4A51C /* SAXAnnotationAdapter.h */ = {isa = PBXFileReference; fileEncoding = 4; lastKnownFileType = sourcecode.c.h; path = SAXAnnotationAdapter.h; sourceTree = "<group>"; };
		991609AF1CFEDE7A00D4A51C /* SAXAnnotationAdapter.m */ = {isa = PBXFileReference; fileEncoding = 4; lastKnownFileType = sourcecode.c.objc; path = SAXAnnotationAdapter.m; sourceTree = "<group>"; };
		991609B01CFEDE7A00D4A51C /* SAXClassAdapter.h */ = {isa = PBXFileReference; fileEncoding = 4; lastKnownFileType = sourcecode.c.h; path = SAXClassAdapter.h; sourceTree = "<group>"; };
		991609B11CFEDE7A00D4A51C /* SAXClassAdapter.m */ = {isa = PBXFileReference; fileEncoding = 4; lastKnownFileType = sourcecode.c.objc; path = SAXClassAdapter.m; sourceTree = "<group>"; };
		991609B21CFEDE7A00D4A51C /* SAXCodeAdapter.h */ = {isa = PBXFileReference; fileEncoding = 4; lastKnownFileType = sourcecode.c.h; path = SAXCodeAdapter.h; sourceTree = "<group>"; };
		991609B31CFEDE7A00D4A51C /* SAXCodeAdapter.m */ = {isa = PBXFileReference; fileEncoding = 4; lastKnownFileType = sourcecode.c.objc; path = SAXCodeAdapter.m; sourceTree = "<group>"; };
		991609B41CFEDE7A00D4A51C /* SAXFieldAdapter.h */ = {isa = PBXFileReference; fileEncoding = 4; lastKnownFileType = sourcecode.c.h; path = SAXFieldAdapter.h; sourceTree = "<group>"; };
		991609B51CFEDE7A00D4A51C /* SAXFieldAdapter.m */ = {isa = PBXFileReference; fileEncoding = 4; lastKnownFileType = sourcecode.c.objc; path = SAXFieldAdapter.m; sourceTree = "<group>"; };
		991609B61CFEDE7A00D4A51C /* SerialVersionUIDAdder.h */ = {isa = PBXFileReference; fileEncoding = 4; lastKnownFileType = sourcecode.c.h; path = SerialVersionUIDAdder.h; sourceTree = "<group>"; };
		991609B71CFEDE7A00D4A51C /* SerialVersionUIDAdder.m */ = {isa = PBXFileReference; fileEncoding = 4; lastKnownFileType = sourcecode.c.objc; path = SerialVersionUIDAdder.m; sourceTree = "<group>"; };
		991609B81CFEDE7A00D4A51C /* SignatureReader.h */ = {isa = PBXFileReference; fileEncoding = 4; lastKnownFileType = sourcecode.c.h; path = SignatureReader.h; sourceTree = "<group>"; };
		991609B91CFEDE7A00D4A51C /* SignatureReader.m */ = {isa = PBXFileReference; fileEncoding = 4; lastKnownFileType = sourcecode.c.objc; path = SignatureReader.m; sourceTree = "<group>"; };
		991609BA1CFEDE7A00D4A51C /* SignatureRemapper.h */ = {isa = PBXFileReference; fileEncoding = 4; lastKnownFileType = sourcecode.c.h; path = SignatureRemapper.h; sourceTree = "<group>"; };
		991609BB1CFEDE7A00D4A51C /* SignatureRemapper.m */ = {isa = PBXFileReference; fileEncoding = 4; lastKnownFileType = sourcecode.c.objc; path = SignatureRemapper.m; sourceTree = "<group>"; };
		991609BC1CFEDE7B00D4A51C /* SignatureWriter.h */ = {isa = PBXFileReference; fileEncoding = 4; lastKnownFileType = sourcecode.c.h; path = SignatureWriter.h; sourceTree = "<group>"; };
		991609BD1CFEDE7B00D4A51C /* SignatureWriter.m */ = {isa = PBXFileReference; fileEncoding = 4; lastKnownFileType = sourcecode.c.objc; path = SignatureWriter.m; sourceTree = "<group>"; };
		991609BE1CFEDE7B00D4A51C /* SimpleRemapper.h */ = {isa = PBXFileReference; fileEncoding = 4; lastKnownFileType = sourcecode.c.h; path = SimpleRemapper.h; sourceTree = "<group>"; };
		991609BF1CFEDE7B00D4A51C /* SimpleRemapper.m */ = {isa = PBXFileReference; fileEncoding = 4; lastKnownFileType = sourcecode.c.objc; path = SimpleRemapper.m; sourceTree = "<group>"; };
		991609C01CFEDE7B00D4A51C /* SimpleVerifier.h */ = {isa = PBXFileReference; fileEncoding = 4; lastKnownFileType = sourcecode.c.h; path = SimpleVerifier.h; sourceTree = "<group>"; };
		991609C11CFEDE7B00D4A51C /* SimpleVerifier.m */ = {isa = PBXFileReference; fileEncoding = 4; lastKnownFileType = sourcecode.c.objc; path = SimpleVerifier.m; sourceTree = "<group>"; };
		991609C21CFEDE7B00D4A51C /* SourceInterpreter.h */ = {isa = PBXFileReference; fileEncoding = 4; lastKnownFileType = sourcecode.c.h; path = SourceInterpreter.h; sourceTree = "<group>"; };
		991609C31CFEDE7B00D4A51C /* SourceInterpreter.m */ = {isa = PBXFileReference; fileEncoding = 4; lastKnownFileType = sourcecode.c.objc; path = SourceInterpreter.m; sourceTree = "<group>"; };
		991609C41CFEDE7B00D4A51C /* SourceValue.h */ = {isa = PBXFileReference; fileEncoding = 4; lastKnownFileType = sourcecode.c.h; path = SourceValue.h; sourceTree = "<group>"; };
		991609C51CFEDE7B00D4A51C /* SourceValue.m */ = {isa = PBXFileReference; fileEncoding = 4; lastKnownFileType = sourcecode.c.objc; path = SourceValue.m; sourceTree = "<group>"; };
		991609C61CFEDE7B00D4A51C /* StaticInitMerger.h */ = {isa = PBXFileReference; fileEncoding = 4; lastKnownFileType = sourcecode.c.h; path = StaticInitMerger.h; sourceTree = "<group>"; };
		991609C71CFEDE7B00D4A51C /* StaticInitMerger.m */ = {isa = PBXFileReference; fileEncoding = 4; lastKnownFileType = sourcecode.c.objc; path = StaticInitMerger.m; sourceTree = "<group>"; };
		991609C81CFEDE7B00D4A51C /* TableSwitchInsnNode.h */ = {isa = PBXFileReference; fileEncoding = 4; lastKnownFileType = sourcecode.c.h; path = TableSwitchInsnNode.h; sourceTree = "<group>"; };
		991609C91CFEDE7B00D4A51C /* TableSwitchInsnNode.m */ = {isa = PBXFileReference; fileEncoding = 4; lastKnownFileType = sourcecode.c.objc; path = TableSwitchInsnNode.m; sourceTree = "<group>"; };
		991609CA1CFEDE7B00D4A51C /* Textifier.h */ = {isa = PBXFileReference; fileEncoding = 4; lastKnownFileType = sourcecode.c.h; path = Textifier.h; sourceTree = "<group>"; };
		991609CB1CFEDE7B00D4A51C /* Textifier.m */ = {isa = PBXFileReference; fileEncoding = 4; lastKnownFileType = sourcecode.c.objc; path = Textifier.m; sourceTree = "<group>"; };
		991609CC1CFEDE7B00D4A51C /* TraceAnnotationVisitor.h */ = {isa = PBXFileReference; fileEncoding = 4; lastKnownFileType = sourcecode.c.h; path = TraceAnnotationVisitor.h; sourceTree = "<group>"; };
		991609CD1CFEDE7B00D4A51C /* TraceAnnotationVisitor.m */ = {isa = PBXFileReference; fileEncoding = 4; lastKnownFileType = sourcecode.c.objc; path = TraceAnnotationVisitor.m; sourceTree = "<group>"; };
		991609CE1CFEDE7B00D4A51C /* TraceClassVisitor.h */ = {isa = PBXFileReference; fileEncoding = 4; lastKnownFileType = sourcecode.c.h; path = TraceClassVisitor.h; sourceTree = "<group>"; };
		991609CF1CFEDE7B00D4A51C /* TraceClassVisitor.m */ = {isa = PBXFileReference; fileEncoding = 4; lastKnownFileType = sourcecode.c.objc; path = TraceClassVisitor.m; sourceTree = "<group>"; };
		991609D01CFEDE7B00D4A51C /* TraceFieldVisitor.h */ = {isa = PBXFileReference; fileEncoding = 4; lastKnownFileType = sourcecode.c.h; path = TraceFieldVisitor.h; sourceTree = "<group>"; };
		991609D11CFEDE7B00D4A51C /* TraceFieldVisitor.m */ = {isa = PBXFileReference; fileEncoding = 4; lastKnownFileType = sourcecode.c.objc; path = TraceFieldVisitor.m; sourceTree = "<group>"; };
		991609D21CFEDE7B00D4A51C /* TraceMethodVisitor.h */ = {isa = PBXFileReference; fileEncoding = 4; lastKnownFileType = sourcecode.c.h; path = TraceMethodVisitor.h; sourceTree = "<group>"; };
		991609D31CFEDE7B00D4A51C /* TraceMethodVisitor.m */ = {isa = PBXFileReference; fileEncoding = 4; lastKnownFileType = sourcecode.c.objc; path = TraceMethodVisitor.m; sourceTree = "<group>"; };
		991609D41CFEDE7B00D4A51C /* TraceSignatureVisitor.h */ = {isa = PBXFileReference; fileEncoding = 4; lastKnownFileType = sourcecode.c.h; path = TraceSignatureVisitor.h; sourceTree = "<group>"; };
		991609D51CFEDE7B00D4A51C /* TraceSignatureVisitor.m */ = {isa = PBXFileReference; fileEncoding = 4; lastKnownFileType = sourcecode.c.objc; path = TraceSignatureVisitor.m; sourceTree = "<group>"; };
		991609D61CFEDE7B00D4A51C /* TryCatchBlockNode.h */ = {isa = PBXFileReference; fileEncoding = 4; lastKnownFileType = sourcecode.c.h; path = TryCatchBlockNode.h; sourceTree = "<group>"; };
		991609D71CFEDE7B00D4A51C /* TryCatchBlockNode.m */ = {isa = PBXFileReference; fileEncoding = 4; lastKnownFileType = sourcecode.c.objc; path = TryCatchBlockNode.m; sourceTree = "<group>"; };
		991609D81CFEDE7B00D4A51C /* TryCatchBlockSorter.h */ = {isa = PBXFileReference; fileEncoding = 4; lastKnownFileType = sourcecode.c.h; path = TryCatchBlockSorter.h; sourceTree = "<group>"; };
		991609D91CFEDE7B00D4A51C /* TryCatchBlockSorter.m */ = {isa = PBXFileReference; fileEncoding = 4; lastKnownFileType = sourcecode.c.objc; path = TryCatchBlockSorter.m; sourceTree = "<group>"; };
		991609DA1CFEDE7B00D4A51C /* Type.h */ = {isa = PBXFileReference; fileEncoding = 4; lastKnownFileType = sourcecode.c.h; path = Type.h; sourceTree = "<group>"; };
		991609DB1CFEDE7B00D4A51C /* Type.m */ = {isa = PBXFileReference; fileEncoding = 4; lastKnownFileType = sourcecode.c.objc; path = Type.m; sourceTree = "<group>"; };
		991609DC1CFEDE7B00D4A51C /* TypeAnnotationNode.h */ = {isa = PBXFileReference; fileEncoding = 4; lastKnownFileType = sourcecode.c.h; path = TypeAnnotationNode.h; sourceTree = "<group>"; };
		991609DD1CFEDE7B00D4A51C /* TypeAnnotationNode.m */ = {isa = PBXFileReference; fileEncoding = 4; lastKnownFileType = sourcecode.c.objc; path = TypeAnnotationNode.m; sourceTree = "<group>"; };
		991609DE1CFEDE7B00D4A51C /* TypeInsnNode.h */ = {isa = PBXFileReference; fileEncoding = 4; lastKnownFileType = sourcecode.c.h; path = TypeInsnNode.h; sourceTree = "<group>"; };
		991609DF1CFEDE7B00D4A51C /* TypeInsnNode.m */ = {isa = PBXFileReference; fileEncoding = 4; lastKnownFileType = sourcecode.c.objc; path = TypeInsnNode.m; sourceTree = "<group>"; };
		991609E01CFEDE7B00D4A51C /* TypePath.h */ = {isa = PBXFileReference; fileEncoding = 4; lastKnownFileType = sourcecode.c.h; path = TypePath.h; sourceTree = "<group>"; };
		991609E11CFEDE7B00D4A51C /* TypePath.m */ = {isa = PBXFileReference; fileEncoding = 4; lastKnownFileType = sourcecode.c.objc; path = TypePath.m; sourceTree = "<group>"; };
		991609E21CFEDE7B00D4A51C /* TypeReference.h */ = {isa = PBXFileReference; fileEncoding = 4; lastKnownFileType = sourcecode.c.h; path = TypeReference.h; sourceTree = "<group>"; };
		991609E31CFEDE7B00D4A51C /* TypeReference.m */ = {isa = PBXFileReference; fileEncoding = 4; lastKnownFileType = sourcecode.c.objc; path = TypeReference.m; sourceTree = "<group>"; };
		991609E41CFEDE7B00D4A51C /* VarInsnNode.h */ = {isa = PBXFileReference; fileEncoding = 4; lastKnownFileType = sourcecode.c.h; path = VarInsnNode.h; sourceTree = "<group>"; };
		991609E51CFEDE7B00D4A51C /* VarInsnNode.m */ = {isa = PBXFileReference; fileEncoding = 4; lastKnownFileType = sourcecode.c.objc; path = VarInsnNode.m; sourceTree = "<group>"; };
		9E576CB62AE0262C5C9811D8 /* MOE.framework */ = {isa = PBXFileReference; lastKnownFileType = wrapper.framework; path = MOE.framework; sourceTree = MOE_FRAMEWORK_PATH; };
		ACEF32447B28F672E69CFB44 /* bind_asm_all_5_1-Test.app */ = {isa = PBXFileReference; explicitFileType = wrapper.application; includeInIndex = 0; path = "bind_asm_all_5_1-Test.app"; sourceTree = BUILT_PRODUCTS_DIR; };
		B1705E7D2AC885BAF6A35062 /* intel_logo.png */ = {isa = PBXFileReference; lastKnownFileType = image.png; name = intel_logo.png; path = ../src/main/resources/intel_logo.png; sourceTree = SOURCE_ROOT; };
		B3A513CE395158891015B535 /* application.jar */ = {isa = PBXFileReference; lastKnownFileType = archive.jar; name = application.jar; path = ../build/moe/test/application.jar; sourceTree = SOURCE_ROOT; };
		B6532111DE3CC1243524C99C /* Info.plist */ = {isa = PBXFileReference; lastKnownFileType = text.plist; name = Info.plist; path = bind_asm_all_5_1/Info.plist; sourceTree = "<group>"; };
		D7A87FEE020FC711D320F67A /* build.xcconfig */ = {isa = PBXFileReference; lastKnownFileType = text.xcconfig; path = build.xcconfig; sourceTree = "<group>"; };
		F11F9DA92D262F9FE7A33EE2 /* preregister.txt */ = {isa = PBXFileReference; lastKnownFileType = text; name = preregister.txt; path = ../build/moe/main/preregister.txt; sourceTree = SOURCE_ROOT; };
		FBC74218A25A304EAB34C0A0 /* main.cpp */ = {isa = PBXFileReference; lastKnownFileType = sourcecode.cpp.cpp; path = main.cpp; sourceTree = "<group>"; };
/* End PBXFileReference section */

/* Begin PBXFrameworksBuildPhase section */
		1B40AEDAD80222A1649077B9 /* Frameworks */ = {
			isa = PBXFrameworksBuildPhase;
			buildActionMask = 2147483647;
			files = (
				EDF3CE3A87F341E05212626F /* MOE.framework in Frameworks */,
			);
			runOnlyForDeploymentPostprocessing = 0;
		};
		7747FF1A0FFD5BA9F0E1FE74 /* Frameworks */ = {
			isa = PBXFrameworksBuildPhase;
			buildActionMask = 2147483647;
			files = (
				3C7DC24189B84EE8583C1AD5 /* MOE.framework in Frameworks */,
			);
			runOnlyForDeploymentPostprocessing = 0;
		};
/* End PBXFrameworksBuildPhase section */

/* Begin PBXGroup section */
		0E7D0E8E9C730B06EA0F75E5 /* Frameworks */ = {
			isa = PBXGroup;
			children = (
				9E576CB62AE0262C5C9811D8 /* MOE.framework */,
			);
			path = Frameworks;
			sourceTree = "<group>";
		};
		257CE102592A640F03F1F261 /* Supporting Files */ = {
			isa = PBXGroup;
			children = (
				24B7709752B4C9BEB83152D1 /* build.xcconfig */,
				961AA28A6EFDD4BE67FE5D10 /* Info-Test.plist */,
				203E1D2E070E48E7BF67D832 /* preregister.txt */,
				B3A513CE395158891015B535 /* application.jar */,
				3691E5A55BC004CD4F47E8BB /* classlist.txt */,
			);
			name = "Supporting Files";
			sourceTree = "<group>";
		};
		43319FAFE17A276288B8924B /* Products */ = {
			isa = PBXGroup;
			children = (
				76FB59A43E5EA27397DF756F /* bind_asm_all_5_1.app */,
				ACEF32447B28F672E69CFB44 /* bind_asm_all_5_1-Test.app */,
			);
			path = Products;
			sourceTree = "<group>";
		};
		6B7DA5E5737BE1F3C5A8BA44 /* bind_asm_all_5_1-Test */ = {
			isa = PBXGroup;
			children = (
				257CE102592A640F03F1F261 /* Supporting Files */,
			);
			path = "bind_asm_all_5_1-Test";
			sourceTree = "<group>";
		};
		9B4471F4BA79E05435ACE56F /* bind_asm_all_5_1 */ = {
			isa = PBXGroup;
			children = (
				E3F98A21645B468FA14A7EB0 /* Supporting Files */,
			);
			path = bind_asm_all_5_1;
			sourceTree = "<group>";
		};
		CE77B50BD09052E48A0E579A = {
			isa = PBXGroup;
			children = (
				9B4471F4BA79E05435ACE56F /* bind_asm_all_5_1 */,
				6B7DA5E5737BE1F3C5A8BA44 /* bind_asm_all_5_1-Test */,
				0E7D0E8E9C730B06EA0F75E5 /* Frameworks */,
				43319FAFE17A276288B8924B /* Products */,
			);
			sourceTree = "<group>";
		};
		E3F98A21645B468FA14A7EB0 /* Supporting Files */ = {
			isa = PBXGroup;
			children = (
				FBC74218A25A304EAB34C0A0 /* main.cpp */,
				D7A87FEE020FC711D320F67A /* build.xcconfig */,
				B6532111DE3CC1243524C99C /* Info.plist */,
				F11F9DA92D262F9FE7A33EE2 /* preregister.txt */,
				91AD226ED8C3EAC3AE7F5ACE /* application.jar */,
				40C62EFC2AA7DD0D28ABA52F /* LaunchScreen.xib */,
				B1705E7D2AC885BAF6A35062 /* intel_logo.png */,
				3D7EB3D2A4184B90C6D896A0 /* MainUI.storyboard */,
				991609371CFEDE7A00D4A51C /* Analyzer.h */,
				991609381CFEDE7A00D4A51C /* Analyzer.m */,
				991609391CFEDE7A00D4A51C /* AnalyzerAdapter.h */,
				9916093A1CFEDE7A00D4A51C /* AnalyzerAdapter.m */,
				9916093B1CFEDE7A00D4A51C /* AnalyzerException.h */,
				9916093C1CFEDE7A00D4A51C /* AnalyzerException.m */,
				9916093D1CFEDE7A00D4A51C /* AnnotationNode.h */,
				9916093E1CFEDE7A00D4A51C /* AnnotationNode.m */,
				9916093F1CFEDE7A00D4A51C /* AnnotationRemapper.h */,
				991609401CFEDE7A00D4A51C /* AnnotationRemapper.m */,
				991609411CFEDE7A00D4A51C /* ASMContentHandler.h */,
				991609421CFEDE7A00D4A51C /* ASMContentHandler.m */,
				991609431CFEDE7A00D4A51C /* ASMifier.h */,
				991609441CFEDE7A00D4A51C /* ASMifier.m */,
				991609451CFEDE7A00D4A51C /* Attribute.h */,
				991609461CFEDE7A00D4A51C /* Attribute.m */,
				991609471CFEDE7A00D4A51C /* BasicInterpreter.h */,
				991609481CFEDE7A00D4A51C /* BasicInterpreter.m */,
				991609491CFEDE7A00D4A51C /* BasicValue.h */,
				9916094A1CFEDE7A00D4A51C /* BasicValue.m */,
				9916094B1CFEDE7A00D4A51C /* BasicVerifier.h */,
				9916094C1CFEDE7A00D4A51C /* BasicVerifier.m */,
				9916094D1CFEDE7A00D4A51C /* ByteVector.h */,
				9916094E1CFEDE7A00D4A51C /* ByteVector.m */,
				9916094F1CFEDE7A00D4A51C /* CheckAnnotationAdapter.h */,
				991609501CFEDE7A00D4A51C /* CheckAnnotationAdapter.m */,
				991609511CFEDE7A00D4A51C /* CheckClassAdapter.h */,
				991609521CFEDE7A00D4A51C /* CheckClassAdapter.m */,
				991609531CFEDE7A00D4A51C /* CheckFieldAdapter.h */,
				991609541CFEDE7A00D4A51C /* CheckFieldAdapter.m */,
				991609551CFEDE7A00D4A51C /* CheckMethodAdapter.h */,
				991609561CFEDE7A00D4A51C /* CheckMethodAdapter.m */,
				991609571CFEDE7A00D4A51C /* CheckSignatureAdapter.h */,
				991609581CFEDE7A00D4A51C /* CheckSignatureAdapter.m */,
				991609591CFEDE7A00D4A51C /* ClassNode.h */,
				9916095A1CFEDE7A00D4A51C /* ClassNode.m */,
				9916095B1CFEDE7A00D4A51C /* ClassReader.h */,
				9916095C1CFEDE7A00D4A51C /* ClassReader.m */,
				9916095D1CFEDE7A00D4A51C /* ClassRemapper.h */,
				9916095E1CFEDE7A00D4A51C /* ClassRemapper.m */,
				9916095F1CFEDE7A00D4A51C /* ClassWriter.h */,
				991609601CFEDE7A00D4A51C /* ClassWriter.m */,
				991609611CFEDE7A00D4A51C /* CodeSizeEvaluator.h */,
				991609621CFEDE7A00D4A51C /* CodeSizeEvaluator.m */,
				991609631CFEDE7A00D4A51C /* FieldInsnNode.h */,
				991609641CFEDE7A00D4A51C /* FieldInsnNode.m */,
				991609651CFEDE7A00D4A51C /* FieldNode.h */,
				991609661CFEDE7A00D4A51C /* FieldNode.m */,
				991609671CFEDE7A00D4A51C /* FieldRemapper.h */,
				991609681CFEDE7A00D4A51C /* FieldRemapper.m */,
				991609691CFEDE7A00D4A51C /* Frame.h */,
				9916096A1CFEDE7A00D4A51C /* Frame.m */,
				9916096B1CFEDE7A00D4A51C /* FrameNode.h */,
				9916096C1CFEDE7A00D4A51C /* FrameNode.m */,
				9916096D1CFEDE7A00D4A51C /* GeneratorAdapter.h */,
				9916096E1CFEDE7A00D4A51C /* GeneratorAdapter.m */,
				9916096F1CFEDE7A00D4A51C /* Handle.h */,
				991609701CFEDE7A00D4A51C /* Handle.m */,
				991609711CFEDE7A00D4A51C /* IincInsnNode.h */,
				991609721CFEDE7A00D4A51C /* IincInsnNode.m */,
				991609731CFEDE7A00D4A51C /* InnerClassNode.h */,
				991609741CFEDE7A00D4A51C /* InnerClassNode.m */,
				991609751CFEDE7A00D4A51C /* InsnList.h */,
				991609761CFEDE7A00D4A51C /* InsnList.m */,
				991609771CFEDE7A00D4A51C /* InsnNode.h */,
				991609781CFEDE7A00D4A51C /* InsnNode.m */,
				991609791CFEDE7A00D4A51C /* InstructionAdapter.h */,
				9916097A1CFEDE7A00D4A51C /* InstructionAdapter.m */,
				9916097B1CFEDE7A00D4A51C /* IntInsnNode.h */,
				9916097C1CFEDE7A00D4A51C /* IntInsnNode.m */,
				9916097D1CFEDE7A00D4A51C /* InvokeDynamicInsnNode.h */,
				9916097E1CFEDE7A00D4A51C /* InvokeDynamicInsnNode.m */,
				9916097F1CFEDE7A00D4A51C /* JSRInlinerAdapter.h */,
				991609801CFEDE7A00D4A51C /* JSRInlinerAdapter.m */,
				991609811CFEDE7A00D4A51C /* JumpInsnNode.h */,
				991609821CFEDE7A00D4A51C /* JumpInsnNode.m */,
				991609831CFEDE7A00D4A51C /* Label.h */,
				991609841CFEDE7A00D4A51C /* Label.m */,
				991609851CFEDE7A00D4A51C /* LabelNode.h */,
				991609861CFEDE7A00D4A51C /* LabelNode.m */,
				991609871CFEDE7A00D4A51C /* LdcInsnNode.h */,
				991609881CFEDE7A00D4A51C /* LdcInsnNode.m */,
				991609891CFEDE7A00D4A51C /* LineNumberNode.h */,
				9916098A1CFEDE7A00D4A51C /* LineNumberNode.m */,
				9916098B1CFEDE7A00D4A51C /* LocalVariableAnnotationNode.h */,
				9916098C1CFEDE7A00D4A51C /* LocalVariableAnnotationNode.m */,
				9916098D1CFEDE7A00D4A51C /* LocalVariableNode.h */,
				9916098E1CFEDE7A00D4A51C /* LocalVariableNode.m */,
				9916098F1CFEDE7A00D4A51C /* LocalVariablesSorter.h */,
				991609901CFEDE7A00D4A51C /* LocalVariablesSorter.m */,
				991609911CFEDE7A00D4A51C /* LookupSwitchInsnNode.h */,
				991609921CFEDE7A00D4A51C /* LookupSwitchInsnNode.m */,
				991609931CFEDE7A00D4A51C /* Method.h */,
				991609941CFEDE7A00D4A51C /* Method.m */,
				991609951CFEDE7A00D4A51C /* MethodInsnNode.h */,
				991609961CFEDE7A00D4A51C /* MethodInsnNode.m */,
				991609971CFEDE7A00D4A51C /* MethodNode.h */,
				991609981CFEDE7A00D4A51C /* MethodNode.m */,
				991609991CFEDE7A00D4A51C /* MethodRemapper.h */,
				9916099A1CFEDE7A00D4A51C /* MethodRemapper.m */,
				9916099B1CFEDE7A00D4A51C /* MultiANewArrayInsnNode.h */,
				9916099C1CFEDE7A00D4A51C /* MultiANewArrayInsnNode.m */,
				9916099D1CFEDE7A00D4A51C /* Opcodes.h */,
				9916099E1CFEDE7A00D4A51C /* ParameterNode.h */,
				9916099F1CFEDE7A00D4A51C /* ParameterNode.m */,
				991609A01CFEDE7A00D4A51C /* Processor.h */,
				991609A11CFEDE7A00D4A51C /* Processor.m */,
				991609A21CFEDE7A00D4A51C /* RemappingAnnotationAdapter.h */,
				991609A31CFEDE7A00D4A51C /* RemappingAnnotationAdapter.m */,
				991609A41CFEDE7A00D4A51C /* RemappingClassAdapter.h */,
				991609A51CFEDE7A00D4A51C /* RemappingClassAdapter.m */,
				991609A61CFEDE7A00D4A51C /* RemappingFieldAdapter.h */,
				991609A71CFEDE7A00D4A51C /* RemappingFieldAdapter.m */,
				991609A81CFEDE7A00D4A51C /* RemappingMethodAdapter.h */,
				991609A91CFEDE7A00D4A51C /* RemappingMethodAdapter.m */,
				991609AA1CFEDE7A00D4A51C /* RemappingSignatureAdapter.h */,
				991609AB1CFEDE7A00D4A51C /* RemappingSignatureAdapter.m */,
				991609AC1CFEDE7A00D4A51C /* SAXAdapter.h */,
				991609AD1CFEDE7A00D4A51C /* SAXAdapter.m */,
				991609AE1CFEDE7A00D4A51C /* SAXAnnotationAdapter.h */,
				991609AF1CFEDE7A00D4A51C /* SAXAnnotationAdapter.m */,
				991609B01CFEDE7A00D4A51C /* SAXClassAdapter.h */,
				991609B11CFEDE7A00D4A51C /* SAXClassAdapter.m */,
				991609B21CFEDE7A00D4A51C /* SAXCodeAdapter.h */,
				991609B31CFEDE7A00D4A51C /* SAXCodeAdapter.m */,
				991609B41CFEDE7A00D4A51C /* SAXFieldAdapter.h */,
				991609B51CFEDE7A00D4A51C /* SAXFieldAdapter.m */,
				991609B61CFEDE7A00D4A51C /* SerialVersionUIDAdder.h */,
				991609B71CFEDE7A00D4A51C /* SerialVersionUIDAdder.m */,
				991609B81CFEDE7A00D4A51C /* SignatureReader.h */,
				991609B91CFEDE7A00D4A51C /* SignatureReader.m */,
				991609BA1CFEDE7A00D4A51C /* SignatureRemapper.h */,
				991609BB1CFEDE7A00D4A51C /* SignatureRemapper.m */,
				991609BC1CFEDE7B00D4A51C /* SignatureWriter.h */,
				991609BD1CFEDE7B00D4A51C /* SignatureWriter.m */,
				991609BE1CFEDE7B00D4A51C /* SimpleRemapper.h */,
				991609BF1CFEDE7B00D4A51C /* SimpleRemapper.m */,
				991609C01CFEDE7B00D4A51C /* SimpleVerifier.h */,
				991609C11CFEDE7B00D4A51C /* SimpleVerifier.m */,
				991609C21CFEDE7B00D4A51C /* SourceInterpreter.h */,
				991609C31CFEDE7B00D4A51C /* SourceInterpreter.m */,
				991609C41CFEDE7B00D4A51C /* SourceValue.h */,
				991609C51CFEDE7B00D4A51C /* SourceValue.m */,
				991609C61CFEDE7B00D4A51C /* StaticInitMerger.h */,
				991609C71CFEDE7B00D4A51C /* StaticInitMerger.m */,
				991609C81CFEDE7B00D4A51C /* TableSwitchInsnNode.h */,
				991609C91CFEDE7B00D4A51C /* TableSwitchInsnNode.m */,
				991609CA1CFEDE7B00D4A51C /* Textifier.h */,
				991609CB1CFEDE7B00D4A51C /* Textifier.m */,
				991609CC1CFEDE7B00D4A51C /* TraceAnnotationVisitor.h */,
				991609CD1CFEDE7B00D4A51C /* TraceAnnotationVisitor.m */,
				991609CE1CFEDE7B00D4A51C /* TraceClassVisitor.h */,
				991609CF1CFEDE7B00D4A51C /* TraceClassVisitor.m */,
				991609D01CFEDE7B00D4A51C /* TraceFieldVisitor.h */,
				991609D11CFEDE7B00D4A51C /* TraceFieldVisitor.m */,
				991609D21CFEDE7B00D4A51C /* TraceMethodVisitor.h */,
				991609D31CFEDE7B00D4A51C /* TraceMethodVisitor.m */,
				991609D41CFEDE7B00D4A51C /* TraceSignatureVisitor.h */,
				991609D51CFEDE7B00D4A51C /* TraceSignatureVisitor.m */,
				991609D61CFEDE7B00D4A51C /* TryCatchBlockNode.h */,
				991609D71CFEDE7B00D4A51C /* TryCatchBlockNode.m */,
				991609D81CFEDE7B00D4A51C /* TryCatchBlockSorter.h */,
				991609D91CFEDE7B00D4A51C /* TryCatchBlockSorter.m */,
				991609DA1CFEDE7B00D4A51C /* Type.h */,
				991609DB1CFEDE7B00D4A51C /* Type.m */,
				991609DC1CFEDE7B00D4A51C /* TypeAnnotationNode.h */,
				991609DD1CFEDE7B00D4A51C /* TypeAnnotationNode.m */,
				991609DE1CFEDE7B00D4A51C /* TypeInsnNode.h */,
				991609DF1CFEDE7B00D4A51C /* TypeInsnNode.m */,
				991609E01CFEDE7B00D4A51C /* TypePath.h */,
				991609E11CFEDE7B00D4A51C /* TypePath.m */,
				991609E21CFEDE7B00D4A51C /* TypeReference.h */,
				991609E31CFEDE7B00D4A51C /* TypeReference.m */,
				991609E41CFEDE7B00D4A51C /* VarInsnNode.h */,
				991609E51CFEDE7B00D4A51C /* VarInsnNode.m */,
			);
			name = "Supporting Files";
			sourceTree = "<group>";
		};
/* End PBXGroup section */

/* Begin PBXNativeTarget section */
		782971C957B07C4E7597D855 /* bind_asm_all_5_1-Test */ = {
			isa = PBXNativeTarget;
			buildConfigurationList = CFE181F2C4C181BE13B890B6 /* Build configuration list for PBXNativeTarget "bind_asm_all_5_1-Test" */;
			buildPhases = (
				AC82C6D24C61EC3F30162540 /* Compile Sources (MOE) */,
				7747FF1A0FFD5BA9F0E1FE74 /* Frameworks */,
				F6CB929409B00CEC6A54F3DE /* Resources */,
				82DB3B5716276CC198292902 /* Sources */,
				0B3A0040775080F29F38CF66 /* Embed Frameworks */,
			);
			buildRules = (
			);
			name = "bind_asm_all_5_1-Test";
			productName = "bind_asm_all_5_1-Test";
			productReference = ACEF32447B28F672E69CFB44 /* bind_asm_all_5_1-Test.app */;
			productType = "com.apple.product-type.application";
		};
		B960A32A18A62E26CB367C5B /* bind_asm_all_5_1 */ = {
			isa = PBXNativeTarget;
			buildConfigurationList = 34FDD4C7E7B59314F7774217 /* Build configuration list for PBXNativeTarget "bind_asm_all_5_1" */;
			buildPhases = (
				DBC098AD8B580562D0E15FAD /* Compile Sources (MOE) */,
				1B40AEDAD80222A1649077B9 /* Frameworks */,
				64442171CBC0F0BB238BC3E4 /* Resources */,
				B2E2990355B611AD87FCC324 /* Sources */,
				9660C5A1DB09A4FC57A47103 /* Embed Frameworks */,
			);
			buildRules = (
			);
			name = bind_asm_all_5_1;
			productName = bind_asm_all_5_1;
			productReference = 76FB59A43E5EA27397DF756F /* bind_asm_all_5_1.app */;
			productType = "com.apple.product-type.application";
		};
/* End PBXNativeTarget section */

/* Begin PBXProject section */
		BFB8619668B3DB154D0A10D3 /* Project object */ = {
			isa = PBXProject;
			attributes = {
				ORGANIZATIONNAME = "";
			};
			buildConfigurationList = C439E4D92EB5F5F019BF1385 /* Build configuration list for PBXProject "bind_asm_all_5_1" */;
			compatibilityVersion = "Xcode 3.2";
			developmentRegion = English;
			hasScannedForEncodings = 0;
			knownRegions = (
				en,
				Base,
			);
			mainGroup = CE77B50BD09052E48A0E579A;
			productRefGroup = 43319FAFE17A276288B8924B /* Products */;
			projectDirPath = "";
			projectRoot = "";
			targets = (
				B960A32A18A62E26CB367C5B /* bind_asm_all_5_1 */,
				782971C957B07C4E7597D855 /* bind_asm_all_5_1-Test */,
			);
		};
/* End PBXProject section */

/* Begin PBXResourcesBuildPhase section */
		64442171CBC0F0BB238BC3E4 /* Resources */ = {
			isa = PBXResourcesBuildPhase;
			buildActionMask = 2147483647;
			files = (
				DD6DDD2C1643D6FF27E890A4 /* preregister.txt in Resources */,
				BA6F50EB8A6854E1C3998D67 /* application.jar in Resources */,
				0F93386F9BC9B28E21163821 /* LaunchScreen.xib in Resources */,
				A32A48151A21BEF5C98C8D2E /* intel_logo.png in Resources */,
				6365C94055F409D2F5A8ECD3 /* MainUI.storyboard in Resources */,
			);
			runOnlyForDeploymentPostprocessing = 0;
		};
		F6CB929409B00CEC6A54F3DE /* Resources */ = {
			isa = PBXResourcesBuildPhase;
			buildActionMask = 2147483647;
			files = (
				C235CA69C72CC5447181CC26 /* preregister.txt in Resources */,
				33ED21E9A890C035A4DE00D0 /* application.jar in Resources */,
				B40BE065C529D74085B42D35 /* classlist.txt in Resources */,
			);
			runOnlyForDeploymentPostprocessing = 0;
		};
/* End PBXResourcesBuildPhase section */

/* Begin PBXShellScriptBuildPhase section */
		AC82C6D24C61EC3F30162540 /* Compile Sources (MOE) */ = {
			isa = PBXShellScriptBuildPhase;
			buildActionMask = 2147483647;
			files = (
			);
			inputPaths = (
			);
			name = "Compile Sources (MOE)";
			outputPaths = (
			);
			runOnlyForDeploymentPostprocessing = 0;
			shellPath = /bin/bash;
			shellScript = "cd \"${SRCROOT}/..\"\n\nexport JAVA_HOME=$(/usr/libexec/java_home -v 1.8)\njava -version\n\n########################\n# Find Gradle\n########################\nfunction findGradle {\n\tCD=\"$PWD\"\n\twhile [ \"$CD\" != \"\" ]; do\n\t\techo \"Looking for gradlew in $CD\"\n\t\tif [ -x \"$CD/gradlew\" ]; then\n\t\t\tGRADLE_EXEC=$CD/gradlew\n\t\t\treturn 0\n\t\tfi\n\t\tCD=\"${CD%/*}\"\n\tdone\n\n\tDEFAULT_PATH=$(echo $PATH)\n\tsource ~/.bash_profile\n\texport PATH=$PATH:DEFAULT_PATH\n\n\techo \"Checking with 'which'\"\n\tGRADLE_EXEC=$(which 'gradle')\n\n\tif [ \"$GRADLE_EXEC\" = \"\" ]; then\n\t\techo \"Falling back to '/usr/local/bin/gradle'\"\n\t\tGRADLE_EXEC=/usr/local/bin/gradle\n\tfi\n}\n########################\n# Execute Gradle build\n########################\nif [ -z \"$MOE_GRADLE_EXTERNAL_BUILD\" ]; then\n    findGradle\n\n    export MOE_BUILD_SOURCE_SET=test\n    \"$GRADLE_EXEC\" --daemon moeXcodeInternal\nfi\n";
		};
		DBC098AD8B580562D0E15FAD /* Compile Sources (MOE) */ = {
			isa = PBXShellScriptBuildPhase;
			buildActionMask = 2147483647;
			files = (
			);
			inputPaths = (
			);
			name = "Compile Sources (MOE)";
			outputPaths = (
			);
			runOnlyForDeploymentPostprocessing = 0;
			shellPath = /bin/bash;
			shellScript = "cd \"${SRCROOT}/..\"\n\nexport JAVA_HOME=$(/usr/libexec/java_home -v 1.8)\njava -version\n\n########################\n# Find Gradle\n########################\nfunction findGradle {\n\tCD=\"$PWD\"\n\twhile [ \"$CD\" != \"\" ]; do\n\t\techo \"Looking for gradlew in $CD\"\n\t\tif [ -x \"$CD/gradlew\" ]; then\n\t\t\tGRADLE_EXEC=$CD/gradlew\n\t\t\treturn 0\n\t\tfi\n\t\tCD=\"${CD%/*}\"\n\tdone\n\n\tDEFAULT_PATH=$(echo $PATH)\n\tsource ~/.bash_profile\n\texport PATH=$PATH:DEFAULT_PATH\n\n\techo \"Checking with 'which'\"\n\tGRADLE_EXEC=$(which 'gradle')\n\n\tif [ \"$GRADLE_EXEC\" = \"\" ]; then\n\t\techo \"Falling back to '/usr/local/bin/gradle'\"\n\t\tGRADLE_EXEC=/usr/local/bin/gradle\n\tfi\n}\n########################\n# Execute Gradle build\n########################\nif [ -z \"$MOE_GRADLE_EXTERNAL_BUILD\" ]; then\n    findGradle\n\n    \"$GRADLE_EXEC\" --daemon moeXcodeInternal\nfi\n";
		};
/* End PBXShellScriptBuildPhase section */

/* Begin PBXSourcesBuildPhase section */
		82DB3B5716276CC198292902 /* Sources */ = {
			isa = PBXSourcesBuildPhase;
			buildActionMask = 2147483647;
			files = (
				E3468FB039BAAC9414CDDF44 /* main.cpp in Sources */,
			);
			runOnlyForDeploymentPostprocessing = 0;
		};
		B2E2990355B611AD87FCC324 /* Sources */ = {
			isa = PBXSourcesBuildPhase;
			buildActionMask = 2147483647;
			files = (
				991609F01CFEDE7B00D4A51C /* BasicVerifier.m in Sources */,
				991609F41CFEDE7B00D4A51C /* CheckFieldAdapter.m in Sources */,
				991609FD1CFEDE7B00D4A51C /* FieldNode.m in Sources */,
				99160A131CFEDE7B00D4A51C /* LookupSwitchInsnNode.m in Sources */,
				99160A1D1CFEDE7B00D4A51C /* RemappingFieldAdapter.m in Sources */,
				99160A141CFEDE7B00D4A51C /* Method.m in Sources */,
				99160A311CFEDE7B00D4A51C /* TraceClassVisitor.m in Sources */,
				99160A331CFEDE7B00D4A51C /* TraceMethodVisitor.m in Sources */,
				99160A041CFEDE7B00D4A51C /* InnerClassNode.m in Sources */,
				99160A1B1CFEDE7B00D4A51C /* RemappingAnnotationAdapter.m in Sources */,
				99160A201CFEDE7B00D4A51C /* SAXAdapter.m in Sources */,
				99160A191CFEDE7B00D4A51C /* ParameterNode.m in Sources */,
				99160A181CFEDE7B00D4A51C /* MultiANewArrayInsnNode.m in Sources */,
				991609EA1CFEDE7B00D4A51C /* AnnotationRemapper.m in Sources */,
				991609EB1CFEDE7B00D4A51C /* ASMContentHandler.m in Sources */,
				99160A271CFEDE7B00D4A51C /* SignatureRemapper.m in Sources */,
				99160A251CFEDE7B00D4A51C /* SerialVersionUIDAdder.m in Sources */,
				99160A351CFEDE7B00D4A51C /* TryCatchBlockNode.m in Sources */,
				99160A281CFEDE7B00D4A51C /* SignatureWriter.m in Sources */,
				991609E71CFEDE7B00D4A51C /* AnalyzerAdapter.m in Sources */,
				99160A301CFEDE7B00D4A51C /* TraceAnnotationVisitor.m in Sources */,
				99160A211CFEDE7B00D4A51C /* SAXAnnotationAdapter.m in Sources */,
				991609F11CFEDE7B00D4A51C /* ByteVector.m in Sources */,
				E31E659591BDF8BA90F8A83B /* main.cpp in Sources */,
				991609FA1CFEDE7B00D4A51C /* ClassWriter.m in Sources */,
				99160A261CFEDE7B00D4A51C /* SignatureReader.m in Sources */,
				99160A3A1CFEDE7B00D4A51C /* TypePath.m in Sources */,
				99160A071CFEDE7B00D4A51C /* InstructionAdapter.m in Sources */,
				991609FF1CFEDE7B00D4A51C /* Frame.m in Sources */,
				991609E91CFEDE7B00D4A51C /* AnnotationNode.m in Sources */,
				99160A011CFEDE7B00D4A51C /* GeneratorAdapter.m in Sources */,
				99160A2B1CFEDE7B00D4A51C /* SourceInterpreter.m in Sources */,
				99160A121CFEDE7B00D4A51C /* LocalVariablesSorter.m in Sources */,
				99160A361CFEDE7B00D4A51C /* TryCatchBlockSorter.m in Sources */,
				99160A001CFEDE7B00D4A51C /* FrameNode.m in Sources */,
				991609F91CFEDE7B00D4A51C /* ClassRemapper.m in Sources */,
				99160A2C1CFEDE7B00D4A51C /* SourceValue.m in Sources */,
				991609F31CFEDE7B00D4A51C /* CheckClassAdapter.m in Sources */,
				99160A2E1CFEDE7B00D4A51C /* TableSwitchInsnNode.m in Sources */,
				99160A171CFEDE7B00D4A51C /* MethodRemapper.m in Sources */,
				99160A111CFEDE7B00D4A51C /* LocalVariableNode.m in Sources */,
				991609F61CFEDE7B00D4A51C /* CheckSignatureAdapter.m in Sources */,
				99160A101CFEDE7B00D4A51C /* LocalVariableAnnotationNode.m in Sources */,
				99160A0C1CFEDE7B00D4A51C /* Label.m in Sources */,
				99160A061CFEDE7B00D4A51C /* InsnNode.m in Sources */,
				99160A391CFEDE7B00D4A51C /* TypeInsnNode.m in Sources */,
				99160A0A1CFEDE7B00D4A51C /* JSRInlinerAdapter.m in Sources */,
				99160A051CFEDE7B00D4A51C /* InsnList.m in Sources */,
				99160A091CFEDE7B00D4A51C /* InvokeDynamicInsnNode.m in Sources */,
				99160A151CFEDE7B00D4A51C /* MethodInsnNode.m in Sources */,
				99160A0D1CFEDE7B00D4A51C /* LabelNode.m in Sources */,
				991609EC1CFEDE7B00D4A51C /* ASMifier.m in Sources */,
				99160A0E1CFEDE7B00D4A51C /* LdcInsnNode.m in Sources */,
				99160A0F1CFEDE7B00D4A51C /* LineNumberNode.m in Sources */,
				99160A031CFEDE7B00D4A51C /* IincInsnNode.m in Sources */,
				99160A341CFEDE7B00D4A51C /* TraceSignatureVisitor.m in Sources */,
				99160A381CFEDE7B00D4A51C /* TypeAnnotationNode.m in Sources */,
				99160A2F1CFEDE7B00D4A51C /* Textifier.m in Sources */,
				991609EF1CFEDE7B00D4A51C /* BasicValue.m in Sources */,
				99160A371CFEDE7B00D4A51C /* Type.m in Sources */,
				99160A1F1CFEDE7B00D4A51C /* RemappingSignatureAdapter.m in Sources */,
				99160A2D1CFEDE7B00D4A51C /* StaticInitMerger.m in Sources */,
				991609F71CFEDE7B00D4A51C /* ClassNode.m in Sources */,
				99160A231CFEDE7B00D4A51C /* SAXCodeAdapter.m in Sources */,
				99160A161CFEDE7B00D4A51C /* MethodNode.m in Sources */,
				991609F21CFEDE7B00D4A51C /* CheckAnnotationAdapter.m in Sources */,
				991609E61CFEDE7B00D4A51C /* Analyzer.m in Sources */,
				991609E81CFEDE7B00D4A51C /* AnalyzerException.m in Sources */,
				991609FB1CFEDE7B00D4A51C /* CodeSizeEvaluator.m in Sources */,
				99160A1E1CFEDE7B00D4A51C /* RemappingMethodAdapter.m in Sources */,
				991609ED1CFEDE7B00D4A51C /* Attribute.m in Sources */,
				99160A081CFEDE7B00D4A51C /* IntInsnNode.m in Sources */,
				99160A1A1CFEDE7B00D4A51C /* Processor.m in Sources */,
				99160A3B1CFEDE7B00D4A51C /* TypeReference.m in Sources */,
				99160A0B1CFEDE7B00D4A51C /* JumpInsnNode.m in Sources */,
				991609FC1CFEDE7B00D4A51C /* FieldInsnNode.m in Sources */,
				991609FE1CFEDE7B00D4A51C /* FieldRemapper.m in Sources */,
				99160A291CFEDE7B00D4A51C /* SimpleRemapper.m in Sources */,
				99160A321CFEDE7B00D4A51C /* TraceFieldVisitor.m in Sources */,
				99160A3C1CFEDE7B00D4A51C /* VarInsnNode.m in Sources */,
				991609F81CFEDE7B00D4A51C /* ClassReader.m in Sources */,
				99160A221CFEDE7B00D4A51C /* SAXClassAdapter.m in Sources */,
				99160A1C1CFEDE7B00D4A51C /* RemappingClassAdapter.m in Sources */,
				99160A2A1CFEDE7B00D4A51C /* SimpleVerifier.m in Sources */,
				99160A021CFEDE7B00D4A51C /* Handle.m in Sources */,
				99160A241CFEDE7B00D4A51C /* SAXFieldAdapter.m in Sources */,
				991609F51CFEDE7B00D4A51C /* CheckMethodAdapter.m in Sources */,
				991609EE1CFEDE7B00D4A51C /* BasicInterpreter.m in Sources */,
			);
			runOnlyForDeploymentPostprocessing = 0;
		};
/* End PBXSourcesBuildPhase section */

/* Begin XCBuildConfiguration section */
		468165ADD33B8B9AC937300C /* Debug */ = {
			isa = XCBuildConfiguration;
			baseConfigurationReference = D7A87FEE020FC711D320F67A /* build.xcconfig */;
			buildSettings = {
				DEAD_CODE_STRIPPING = NO;
				EMBEDDED_CONTENT_CONTAINS_SWIFT = NO;
				FRAMEWORK_SEARCH_PATHS = "$(inherited)";
				INFOPLIST_FILE = bind_asm_all_5_1/Info.plist;
				LD_RUNPATH_SEARCH_PATHS = "$(inherited) @executable_path/Frameworks";
				OTHER_LDFLAGS = "${MOE_OTHER_LDFLAGS}";
				PRODUCT_NAME = bind_asm_all_5_1;
				STRIP_STYLE = "non-global";
			};
			name = Debug;
		};
		6D7BE83E17976F103C2AE32D /* Debug */ = {
			isa = XCBuildConfiguration;
			baseConfigurationReference = 24B7709752B4C9BEB83152D1 /* build.xcconfig */;
			buildSettings = {
				DEAD_CODE_STRIPPING = NO;
				EMBEDDED_CONTENT_CONTAINS_SWIFT = NO;
				FRAMEWORK_SEARCH_PATHS = "$(inherited)";
				INFOPLIST_FILE = "Info-Test.plist";
				LD_RUNPATH_SEARCH_PATHS = "$(inherited) @executable_path/Frameworks";
				OTHER_LDFLAGS = "${MOE_OTHER_LDFLAGS}";
				PRODUCT_NAME = "bind_asm_all_5_1-Test";
				STRIP_STYLE = "non-global";
			};
			name = Debug;
		};
		917331660E96328F082E3C46 /* Release */ = {
			isa = XCBuildConfiguration;
			buildSettings = {
				ALWAYS_SEARCH_USER_PATHS = NO;
				CLANG_CXX_LANGUAGE_STANDARD = "gnu++0x";
				CLANG_CXX_LIBRARY = "libc++";
				CLANG_ENABLE_MODULES = YES;
				CLANG_ENABLE_OBJC_ARC = YES;
				CLANG_WARN_BOOL_CONVERSION = YES;
				CLANG_WARN_CONSTANT_CONVERSION = YES;
				CLANG_WARN_DIRECT_OBJC_ISA_USAGE = YES_ERROR;
				CLANG_WARN_EMPTY_BODY = YES;
				CLANG_WARN_ENUM_CONVERSION = YES;
				CLANG_WARN_INT_CONVERSION = YES;
				CLANG_WARN_OBJC_ROOT_CLASS = YES_ERROR;
				CLANG_WARN_UNREACHABLE_CODE = YES;
				CLANG_WARN__DUPLICATE_METHOD_MATCH = YES;
				"CODE_SIGN_IDENTITY[sdk=iphoneos*]" = "iPhone Developer";
				COPY_PHASE_STRIP = YES;
				ENABLE_NS_ASSERTIONS = NO;
				ENABLE_STRICT_OBJC_MSGSEND = YES;
				FRAMEWORK_SEARCH_PATHS = (
					"$(inherited)",
					"${MOE_FRAMEWORK_PATH}",
				);
				GCC_C_LANGUAGE_STANDARD = gnu99;
				GCC_WARN_64_TO_32_BIT_CONVERSION = YES;
				GCC_WARN_ABOUT_RETURN_TYPE = YES_ERROR;
				GCC_WARN_UNDECLARED_SELECTOR = YES;
				GCC_WARN_UNINITIALIZED_AUTOS = YES_AGGRESSIVE;
				GCC_WARN_UNUSED_FUNCTION = YES;
				GCC_WARN_UNUSED_VARIABLE = YES;
				IPHONEOS_DEPLOYMENT_TARGET = "";
				LD_RUNPATH_SEARCH_PATHS = "$(inherited) @executable_path/Frameworks";
				MTL_ENABLE_DEBUG_INFO = NO;
				SDKROOT = iphoneos;
				SYMROOT = /Volumes/Data/git/bind_asm_all_5_1/build/moe/xcodebuild/sym;
				TARGETED_DEVICE_FAMILY = "1,2";
				VALIDATE_PRODUCT = YES;
			};
			name = Release;
		};
		B0021D2D6EEC90670F65B2EA /* Release */ = {
			isa = XCBuildConfiguration;
			baseConfigurationReference = D7A87FEE020FC711D320F67A /* build.xcconfig */;
			buildSettings = {
				DEAD_CODE_STRIPPING = NO;
				EMBEDDED_CONTENT_CONTAINS_SWIFT = NO;
				FRAMEWORK_SEARCH_PATHS = "$(inherited)";
				INFOPLIST_FILE = bind_asm_all_5_1/Info.plist;
				LD_RUNPATH_SEARCH_PATHS = "$(inherited) @executable_path/Frameworks";
				OTHER_LDFLAGS = "${MOE_OTHER_LDFLAGS}";
				PRODUCT_NAME = bind_asm_all_5_1;
				STRIP_STYLE = "non-global";
			};
			name = Release;
		};
		C00CFCCBC4CD873716FBDF82 /* Release */ = {
			isa = XCBuildConfiguration;
			baseConfigurationReference = 24B7709752B4C9BEB83152D1 /* build.xcconfig */;
			buildSettings = {
				DEAD_CODE_STRIPPING = NO;
				EMBEDDED_CONTENT_CONTAINS_SWIFT = NO;
				FRAMEWORK_SEARCH_PATHS = "$(inherited)";
				INFOPLIST_FILE = "Info-Test.plist";
				LD_RUNPATH_SEARCH_PATHS = "$(inherited) @executable_path/Frameworks";
				OTHER_LDFLAGS = "${MOE_OTHER_LDFLAGS}";
				PRODUCT_NAME = "bind_asm_all_5_1-Test";
				STRIP_STYLE = "non-global";
			};
			name = Release;
		};
		C5CCF2F13B1E2CF393AE312E /* Debug */ = {
			isa = XCBuildConfiguration;
			buildSettings = {
				ALWAYS_SEARCH_USER_PATHS = NO;
				CLANG_CXX_LANGUAGE_STANDARD = "gnu++0x";
				CLANG_CXX_LIBRARY = "libc++";
				CLANG_ENABLE_MODULES = YES;
				CLANG_ENABLE_OBJC_ARC = YES;
				CLANG_WARN_BOOL_CONVERSION = YES;
				CLANG_WARN_CONSTANT_CONVERSION = YES;
				CLANG_WARN_DIRECT_OBJC_ISA_USAGE = YES_ERROR;
				CLANG_WARN_EMPTY_BODY = YES;
				CLANG_WARN_ENUM_CONVERSION = YES;
				CLANG_WARN_INT_CONVERSION = YES;
				CLANG_WARN_OBJC_ROOT_CLASS = YES_ERROR;
				CLANG_WARN_UNREACHABLE_CODE = YES;
				CLANG_WARN__DUPLICATE_METHOD_MATCH = YES;
				"CODE_SIGN_IDENTITY[sdk=iphoneos*]" = "iPhone Developer";
				COPY_PHASE_STRIP = NO;
				ENABLE_STRICT_OBJC_MSGSEND = YES;
				FRAMEWORK_SEARCH_PATHS = (
					"$(inherited)",
					"${MOE_FRAMEWORK_PATH}",
				);
				GCC_C_LANGUAGE_STANDARD = gnu99;
				GCC_DYNAMIC_NO_PIC = NO;
				GCC_OPTIMIZATION_LEVEL = 0;
				GCC_PREPROCESSOR_DEFINITIONS = (
					"DEBUG=1",
					"$(inherited)",
				);
				GCC_SYMBOLS_PRIVATE_EXTERN = NO;
				GCC_WARN_64_TO_32_BIT_CONVERSION = YES;
				GCC_WARN_ABOUT_RETURN_TYPE = YES_ERROR;
				GCC_WARN_UNDECLARED_SELECTOR = YES;
				GCC_WARN_UNINITIALIZED_AUTOS = YES_AGGRESSIVE;
				GCC_WARN_UNUSED_FUNCTION = YES;
				GCC_WARN_UNUSED_VARIABLE = YES;
				IPHONEOS_DEPLOYMENT_TARGET = "";
				LD_RUNPATH_SEARCH_PATHS = "$(inherited) @executable_path/Frameworks";
				MTL_ENABLE_DEBUG_INFO = YES;
				SDKROOT = iphoneos;
				SYMROOT = /Volumes/Data/git/bind_asm_all_5_1/build/moe/xcodebuild/sym;
				TARGETED_DEVICE_FAMILY = "1,2";
			};
			name = Debug;
		};
/* End XCBuildConfiguration section */

/* Begin XCConfigurationList section */
		34FDD4C7E7B59314F7774217 /* Build configuration list for PBXNativeTarget "bind_asm_all_5_1" */ = {
			isa = XCConfigurationList;
			buildConfigurations = (
				468165ADD33B8B9AC937300C /* Debug */,
				B0021D2D6EEC90670F65B2EA /* Release */,
			);
			defaultConfigurationIsVisible = 0;
			defaultConfigurationName = Release;
		};
		C439E4D92EB5F5F019BF1385 /* Build configuration list for PBXProject "bind_asm_all_5_1" */ = {
			isa = XCConfigurationList;
			buildConfigurations = (
				C5CCF2F13B1E2CF393AE312E /* Debug */,
				917331660E96328F082E3C46 /* Release */,
			);
			defaultConfigurationIsVisible = 0;
			defaultConfigurationName = Release;
		};
		CFE181F2C4C181BE13B890B6 /* Build configuration list for PBXNativeTarget "bind_asm_all_5_1-Test" */ = {
			isa = XCConfigurationList;
			buildConfigurations = (
				6D7BE83E17976F103C2AE32D /* Debug */,
				C00CFCCBC4CD873716FBDF82 /* Release */,
			);
			defaultConfigurationIsVisible = 0;
			defaultConfigurationName = Release;
		};
/* End XCConfigurationList section */
	};
	rootObject = BFB8619668B3DB154D0A10D3 /* Project object */;
}
